// !$*UTF8*$!
{
	archiveVersion = 1;
	classes = {
	};
	objectVersion = 39;
	objects = {
		014CEA460018CE2711CA2923 = {
			buildRules = (
			);
			buildSettings = {
				COPY_PHASE_STRIP = NO;
				DEBUGGING_SYMBOLS = YES;
				GCC_ALTIVEC_EXTENSIONS = YES;
				GCC_DEBUGGING_SYMBOLS = default;
				GCC_DYNAMIC_NO_PIC = NO;
				GCC_ENABLE_FIX_AND_CONTINUE = NO;
				GCC_GENERATE_DEBUGGING_SYMBOLS = YES;
				GCC_GENERATE_PROFILING_CODE = YES;
				GCC_OPTIMIZATION_LEVEL = 3;
				GCC_WARN_TYPECHECK_CALLS_TO_PRINTF = YES;
				OPTIMIZATION_CFLAGS = "-O3";
				OTHER_CPLUSPLUSFLAGS = "-DUSE_XCODE -DUSE_DOUBLE -DNDEBUG -falign-loops=32";
				OTHER_LDFLAGS = "-DUSE_XCODE -DUSE_DOUBLE -DNDEBUG -falign-loops=32 -DNOSQRT";
				PREBINDING = NO;
				ZERO_LINK = YES;
			};
			isa = PBXBuildStyle;
			name = Development;
		};
		014CEA470018CE2711CA2923 = {
			buildRules = (
			);
			buildSettings = {
				COPY_PHASE_STRIP = YES;
				GCC_ENABLE_FIX_AND_CONTINUE = NO;
				OTHER_LDFLAGS = "-DUSE_DOUBLE -DNDEBUG -falign-loops=32 -DNOSQRT";
				ZERO_LINK = NO;
			};
			isa = PBXBuildStyle;
			name = Deployment;
		};
//010
//011
//012
//013
//014
//020
//021
//022
//023
//024
		0249A662FF388D9811CA2CEA = {
			children = (
				0249A663FF388D9811CA2CEA,
				68026B1A05D8B84000B0C9AC,
			);
			isa = PBXGroup;
			name = "External Frameworks and Libraries";
			path = "";
			refType = 4;
			sourceTree = "<group>";
		};
		0249A663FF388D9811CA2CEA = {
			isa = PBXFileReference;
			lastKnownFileType = archive.ar;
			name = "libstdc++.a";
			path = "/usr/lib/libstdc++.a";
			refType = 0;
			sourceTree = "<absolute>";
		};
//020
//021
//022
//023
//024
//080
//081
//082
//083
//084
		08FB7793FE84155DC02AAC07 = {
			buildSettings = {
			};
			buildStyles = (
				014CEA460018CE2711CA2923,
				014CEA470018CE2711CA2923,
			);
			hasScannedForEncodings = 1;
			isa = PBXProject;
			mainGroup = 08FB7794FE84155DC02AAC07;
			projectDirPath = "";
			targets = (
				8DD76F620486A84900D96B5E,
			);
		};
		08FB7794FE84155DC02AAC07 = {
			children = (
				6819227305CF52D600DD9827,
				C6859E8C029090F304C91782,
				0249A662FF388D9811CA2CEA,
				1AB674ADFE9D54B511CA2CBB,
				08FB7795FE84155DC02AAC07,
			);
			isa = PBXGroup;
			name = AutoDock;
			refType = 4;
			sourceTree = "<group>";
		};
		08FB7795FE84155DC02AAC07 = {
			children = (
				6819257F05CF7DB400DD9827,
				68026C0705D9918C00B0C9AC,
				68026C0B05D9918C00B0C9AC,
				68026C0205D9918C00B0C9AC,
				68026C2005D9918C00B0C9AC,
				68026BD205D9918C00B0C9AC,
				68026C0605D9918C00B0C9AC,
				68026BD405D9918C00B0C9AC,
				68026C1A05D9918C00B0C9AC,
				68026C2205D9918C00B0C9AC,
				68026C0805D9918C00B0C9AC,
				68026C1305D9918C00B0C9AC,
				68026C0905D9918C00B0C9AC,
				68026BCE05D9918C00B0C9AC,
				68026C0505D9918C00B0C9AC,
				68026C1905D9918C00B0C9AC,
				68026C1805D9918C00B0C9AC,
				68026BD105D9918C00B0C9AC,
				68026BFB05D9918C00B0C9AC,
				68026BCB05D9918C00B0C9AC,
				68026C0C05D9918C00B0C9AC,
				68026C1B05D9918C00B0C9AC,
				68026C1D05D9918C00B0C9AC,
				68026BCD05D9918C00B0C9AC,
				68026C1C05D9918C00B0C9AC,
				68026BD705D9918C00B0C9AC,
				68026BDF05D9918C00B0C9AC,
				68026C1505D9918C00B0C9AC,
				68026C0405D9918C00B0C9AC,
				68026C0105D9918C00B0C9AC,
				68026C1F05D9918C00B0C9AC,
				68026BFF05D9918C00B0C9AC,
				68026C1005D9918C00B0C9AC,
				68026C1205D9918C00B0C9AC,
				68026BE905D9918C00B0C9AC,
				68026BDE05D9918C00B0C9AC,
				68026BFD05D9918C00B0C9AC,
				68026BE805D9918C00B0C9AC,
				68026BFA05D9918C00B0C9AC,
				68026BF905D9918C00B0C9AC,
				68026BE505D9918C00B0C9AC,
				68026BFC05D9918C00B0C9AC,
				68026C0A05D9918C00B0C9AC,
				68026BFE05D9918C00B0C9AC,
				68026C1E05D9918C00B0C9AC,
				68026C1705D9918C00B0C9AC,
				68026BCF05D9918C00B0C9AC,
				68026C1105D9918C00B0C9AC,
				68026C2105D9918C00B0C9AC,
				68026C0005D9918C00B0C9AC,
				68026C0D05D9918C00B0C9AC,
				68026C1605D9918C00B0C9AC,
				68026BD805D9918C00B0C9AC,
				68026BD505D9918C00B0C9AC,
				68026BD605D9918C00B0C9AC,
				68026BEA05D9918C00B0C9AC,
				68026C0F05D9918C00B0C9AC,
				68026C0E05D9918C00B0C9AC,
				68026C1405D9918C00B0C9AC,
				68026BE205D9918C00B0C9AC,
				68026BE105D9918C00B0C9AC,
				68026BE305D9918C00B0C9AC,
				68026BF405D9918C00B0C9AC,
				68026BF305D9918C00B0C9AC,
				68026BF105D9918C00B0C9AC,
				68026BF205D9918C00B0C9AC,
				68026BF005D9918C00B0C9AC,
				68026BEF05D9918C00B0C9AC,
				68026BEB05D9918C00B0C9AC,
				68026BEE05D9918C00B0C9AC,
				68026BED05D9918C00B0C9AC,
				68026BEC05D9918C00B0C9AC,
				68026BF805D9918C00B0C9AC,
				68026BF705D9918C00B0C9AC,
				68026BF605D9918C00B0C9AC,
				68026BF505D9918C00B0C9AC,
				68026BE005D9918C00B0C9AC,
				68026BD905D9918C00B0C9AC,
				68026BDD05D9918C00B0C9AC,
				68026BDC05D9918C00B0C9AC,
				68026BDB05D9918C00B0C9AC,
				68026BDA05D9918C00B0C9AC,
				68026BE705D9918C00B0C9AC,
				68026BE605D9918C00B0C9AC,
				68026BD305D9918C00B0C9AC,
				68026BD005D9918C00B0C9AC,
				68026BE405D9918C00B0C9AC,
				68026E1705D9D40500B0C9AC,
				68B9D6BA05D9DBBA0035CB4A,
			);
			isa = PBXGroup;
			name = Source;
			path = "";
			refType = 4;
			sourceTree = "<group>";
		};
//080
//081
//082
//083
//084
//1A0
//1A1
//1A2
//1A3
//1A4
		1AB674ADFE9D54B511CA2CBB = {
			children = (
				8DD76F6C0486A84900D96B5E,
			);
			isa = PBXGroup;
			name = Products;
			refType = 4;
			sourceTree = "<group>";
		};
//1A0
//1A1
//1A2
//1A3
//1A4
//680
//681
//682
//683
//684
		68026B1A05D8B84000B0C9AC = {
			isa = PBXFileReference;
			lastKnownFileType = "compiled.mach-o.dylib";
			name = libSaturn.dylib;
			path = /usr/lib/libSaturn.dylib;
			refType = 0;
			sourceTree = "<absolute>";
		};
		68026B1B05D8B84000B0C9AC = {
			fileRef = 68026B1A05D8B84000B0C9AC;
			isa = PBXBuildFile;
			settings = {
			};
		};
		68026BCB05D9918C00B0C9AC = {
			explicitFileType = sourcecode.cpp;
			fileEncoding = 30;
			isa = PBXFileReference;
			path = eintcalPrint.cc;
			refType = 4;
			sourceTree = "<group>";
		};
		68026BCD05D9918C00B0C9AC = {
			explicitFileType = sourcecode.cpp;
			fileEncoding = 30;
			isa = PBXFileReference;
			path = get_atom_type.cc;
			refType = 4;
			sourceTree = "<group>";
		};
		68026BCE05D9918C00B0C9AC = {
			explicitFileType = sourcecode.cpp;
			fileEncoding = 30;
			isa = PBXFileReference;
			path = cmdmode.cc;
			refType = 4;
			sourceTree = "<group>";
		};
		68026BCF05D9918C00B0C9AC = {
			explicitFileType = sourcecode.cpp;
			fileEncoding = 30;
			isa = PBXFileReference;
			path = parse_pdbq_line.cc;
			refType = 4;
			sourceTree = "<group>";
		};
		68026BD005D9918C00B0C9AC = {
			explicitFileType = sourcecode.cpp;
			fileEncoding = 30;
			isa = PBXFileReference;
			path = weedbonds.cc;
			refType = 4;
			sourceTree = "<group>";
		};
		68026BD105D9918C00B0C9AC = {
			explicitFileType = sourcecode.cpp;
			fileEncoding = 30;
			isa = PBXFileReference;
			path = dpftypes.cc;
			refType = 4;
			sourceTree = "<group>";
		};
		68026BD205D9918C00B0C9AC = {
			explicitFileType = sourcecode.cpp;
			fileEncoding = 30;
			isa = PBXFileReference;
			path = call_gs.cc;
			refType = 4;
			sourceTree = "<group>";
		};
		68026BD305D9918C00B0C9AC = {
			explicitFileType = sourcecode.cpp;
			fileEncoding = 30;
			isa = PBXFileReference;
			path = warn_bad_file.cc;
			refType = 4;
			sourceTree = "<group>";
		};
		68026BD405D9918C00B0C9AC = {
			explicitFileType = sourcecode.cpp;
			fileEncoding = 30;
			isa = PBXFileReference;
			path = changeState.cc;
			refType = 4;
			sourceTree = "<group>";
		};
		68026BD505D9918C00B0C9AC = {
			explicitFileType = sourcecode.cpp;
			fileEncoding = 30;
			isa = PBXFileReference;
			path = print_rem.cc;
			refType = 4;
			sourceTree = "<group>";
		};
		68026BD605D9918C00B0C9AC = {
			explicitFileType = sourcecode.cpp;
			fileEncoding = 30;
			isa = PBXFileReference;
			path = printdate.cc;
			refType = 4;
			sourceTree = "<group>";
		};
		68026BD705D9918C00B0C9AC = {
			explicitFileType = sourcecode.cpp;
			fileEncoding = 30;
			isa = PBXFileReference;
			path = getpdbcrds.cc;
			refType = 4;
			sourceTree = "<group>";
		};
		68026BD805D9918C00B0C9AC = {
			explicitFileType = sourcecode.cpp;
			fileEncoding = 30;
			isa = PBXFileReference;
			path = print_avsfld.cc;
			refType = 4;
			sourceTree = "<group>";
		};
		68026BD905D9918C00B0C9AC = {
			explicitFileType = sourcecode.cpp;
			fileEncoding = 30;
			isa = PBXFileReference;
			path = swap.cc;
			refType = 4;
			sourceTree = "<group>";
		};
		68026BDA05D9918C00B0C9AC = {
			explicitFileType = sourcecode.cpp;
			fileEncoding = 30;
			isa = PBXFileReference;
			path = torsion.cc;
			refType = 4;
			sourceTree = "<group>";
		};
		68026BDB05D9918C00B0C9AC = {
			explicitFileType = sourcecode.cpp;
			fileEncoding = 30;
			isa = PBXFileReference;
			path = torNorVec.cc;
			refType = 4;
			sourceTree = "<group>";
		};
		68026BDC05D9918C00B0C9AC = {
			explicitFileType = sourcecode.cpp;
			fileEncoding = 30;
			isa = PBXFileReference;
			path = timesyshms.cc;
			refType = 4;
			sourceTree = "<group>";
		};
		68026BDD05D9918C00B0C9AC = {
			explicitFileType = sourcecode.cpp;
			fileEncoding = 30;
			isa = PBXFileReference;
			path = timesys.cc;
			refType = 4;
			sourceTree = "<group>";
		};
		68026BDE05D9918C00B0C9AC = {
			explicitFileType = sourcecode.cpp;
			fileEncoding = 30;
			isa = PBXFileReference;
			path = mapping.cc;
			refType = 4;
			sourceTree = "<group>";
		};
		68026BDF05D9918C00B0C9AC = {
			explicitFileType = sourcecode.cpp;
			fileEncoding = 30;
			isa = PBXFileReference;
			path = getrms.cc;
			refType = 4;
			sourceTree = "<group>";
		};
		68026BE005D9918C00B0C9AC = {
			explicitFileType = sourcecode.cpp;
			fileEncoding = 30;
			isa = PBXFileReference;
			path = support.cc;
			refType = 4;
			sourceTree = "<group>";
		};
		68026BE105D9918C00B0C9AC = {
			explicitFileType = sourcecode.cpp;
			fileEncoding = 30;
			isa = PBXFileReference;
			path = quicksort.cc;
			refType = 4;
			sourceTree = "<group>";
		};
		68026BE205D9918C00B0C9AC = {
			explicitFileType = sourcecode.cpp;
			fileEncoding = 30;
			isa = PBXFileReference;
			path = qtransform.cc;
			refType = 4;
			sourceTree = "<group>";
		};
		68026BE305D9918C00B0C9AC = {
			explicitFileType = sourcecode.cpp;
			fileEncoding = 30;
			isa = PBXFileReference;
			path = ranlib.cc;
			refType = 4;
			sourceTree = "<group>";
		};
		68026BE405D9918C00B0C9AC = {
			explicitFileType = sourcecode.cpp;
			fileEncoding = 30;
			isa = PBXFileReference;
			path = writePDBQ.cc;
			refType = 4;
			sourceTree = "<group>";
		};
		68026BE505D9918C00B0C9AC = {
			explicitFileType = sourcecode.cpp;
			fileEncoding = 30;
			isa = PBXFileReference;
			path = nbe.cc;
			refType = 4;
			sourceTree = "<group>";
		};
		68026BE605D9918C00B0C9AC = {
			explicitFileType = sourcecode.cpp;
			fileEncoding = 30;
			isa = PBXFileReference;
			path = usage.cc;
			refType = 4;
			sourceTree = "<group>";
		};
		68026BE705D9918C00B0C9AC = {
			explicitFileType = sourcecode.cpp;
			fileEncoding = 30;
			isa = PBXFileReference;
			path = trilinterp.cc;
			refType = 4;
			sourceTree = "<group>";
		};
		68026BE805D9918C00B0C9AC = {
			explicitFileType = sourcecode.cpp;
			fileEncoding = 30;
			isa = PBXFileReference;
			path = mkNewState.cc;
			refType = 4;
			sourceTree = "<group>";
		};
		68026BE905D9918C00B0C9AC = {
			explicitFileType = sourcecode.cpp;
			fileEncoding = 30;
			isa = PBXFileReference;
			path = main.cc;
			refType = 4;
			sourceTree = "<group>";
		};
		68026BEA05D9918C00B0C9AC = {
			explicitFileType = sourcecode.cpp;
			fileEncoding = 30;
			isa = PBXFileReference;
			path = printEnergies.cc;
			refType = 4;
			sourceTree = "<group>";
		};
		68026BEB05D9918C00B0C9AC = {
			explicitFileType = sourcecode.cpp;
			fileEncoding = 30;
			isa = PBXFileReference;
			path = setflags.cc;
			refType = 4;
			sourceTree = "<group>";
		};
		68026BEC05D9918C00B0C9AC = {
			explicitFileType = sourcecode.cpp;
			fileEncoding = 30;
			isa = PBXFileReference;
			path = stateLibrary.cc;
			refType = 4;
			sourceTree = "<group>";
		};
		68026BED05D9918C00B0C9AC = {
			explicitFileType = sourcecode.cpp;
			fileEncoding = 30;
			isa = PBXFileReference;
			path = sort_enrg.cc;
			refType = 4;
			sourceTree = "<group>";
		};
		68026BEE05D9918C00B0C9AC = {
			explicitFileType = sourcecode.cpp;
			fileEncoding = 30;
			isa = PBXFileReference;
			path = simanneal.cc;
			refType = 4;
			sourceTree = "<group>";
		};
		68026BEF05D9918C00B0C9AC = {
			explicitFileType = sourcecode.cpp;
			fileEncoding = 30;
			isa = PBXFileReference;
			path = set_cmd_io_std.cc;
			refType = 4;
			sourceTree = "<group>";
		};
		68026BF005D9918C00B0C9AC = {
			explicitFileType = sourcecode.cpp;
			fileEncoding = 30;
			isa = PBXFileReference;
			path = scauchy.cc;
			refType = 4;
			sourceTree = "<group>";
		};
		68026BF105D9918C00B0C9AC = {
			explicitFileType = sourcecode.cpp;
			fileEncoding = 30;
			isa = PBXFileReference;
			path = readPDBQ.cc;
			refType = 4;
			sourceTree = "<group>";
		};
		68026BF205D9918C00B0C9AC = {
			explicitFileType = sourcecode.cpp;
			fileEncoding = 30;
			isa = PBXFileReference;
			path = rep.cc;
			refType = 4;
			sourceTree = "<group>";
		};
		68026BF305D9918C00B0C9AC = {
			explicitFileType = sourcecode.cpp;
			fileEncoding = 30;
			isa = PBXFileReference;
			path = readmap.cc;
			refType = 4;
			sourceTree = "<group>";
		};
		68026BF405D9918C00B0C9AC = {
			explicitFileType = sourcecode.cpp;
			fileEncoding = 30;
			isa = PBXFileReference;
			path = readfield.cc;
			refType = 4;
			sourceTree = "<group>";
		};
		68026BF505D9918C00B0C9AC = {
			explicitFileType = sourcecode.cpp;
			fileEncoding = 30;
			isa = PBXFileReference;
			path = summarizegrids.cc;
			refType = 4;
			sourceTree = "<group>";
		};
		68026BF605D9918C00B0C9AC = {
			explicitFileType = sourcecode.cpp;
			fileEncoding = 30;
			isa = PBXFileReference;
			path = success.cc;
			refType = 4;
			sourceTree = "<group>";
		};
		68026BF705D9918C00B0C9AC = {
			explicitFileType = sourcecode.cpp;
			fileEncoding = 30;
			isa = PBXFileReference;
			path = strindex.cc;
			refType = 4;
			sourceTree = "<group>";
		};
		68026BF805D9918C00B0C9AC = {
			explicitFileType = sourcecode.cpp;
			fileEncoding = 30;
			isa = PBXFileReference;
			path = stop.cc;
			refType = 4;
			sourceTree = "<group>";
		};
		68026BF905D9918C00B0C9AC = {
			explicitFileType = sourcecode.cpp;
			fileEncoding = 30;
			isa = PBXFileReference;
			path = mkTorTree.cc;
			refType = 4;
			sourceTree = "<group>";
		};
		68026BFA05D9918C00B0C9AC = {
			explicitFileType = sourcecode.cpp;
			fileEncoding = 30;
			isa = PBXFileReference;
			path = mkRandomState.cc;
			refType = 4;
			sourceTree = "<group>";
		};
		68026BFB05D9918C00B0C9AC = {
			explicitFileType = sourcecode.cpp;
			fileEncoding = 30;
			isa = PBXFileReference;
			path = eintcal.cc;
			refType = 4;
			sourceTree = "<group>";
		};
		68026BFC05D9918C00B0C9AC = {
			explicitFileType = sourcecode.cpp;
			fileEncoding = 30;
			isa = PBXFileReference;
			path = nonbonds.cc;
			refType = 4;
			sourceTree = "<group>";
		};
		68026BFD05D9918C00B0C9AC = {
			explicitFileType = sourcecode.cpp;
			fileEncoding = 30;
			isa = PBXFileReference;
			path = minmeanmax.cc;
			refType = 4;
			sourceTree = "<group>";
		};
		68026BFE05D9918C00B0C9AC = {
			explicitFileType = sourcecode.cpp;
			fileEncoding = 30;
			isa = PBXFileReference;
			path = output_state.cc;
			refType = 4;
			sourceTree = "<group>";
		};
		68026BFF05D9918C00B0C9AC = {
			explicitFileType = sourcecode.cpp;
			fileEncoding = 30;
			isa = PBXFileReference;
			path = investigate.cc;
			refType = 4;
			sourceTree = "<group>";
		};
		68026C0005D9918C00B0C9AC = {
			explicitFileType = sourcecode.cpp;
			fileEncoding = 30;
			isa = PBXFileReference;
			path = prInitialState.cc;
			refType = 4;
			sourceTree = "<group>";
		};
		68026C0105D9918C00B0C9AC = {
			explicitFileType = sourcecode.cpp;
			fileEncoding = 30;
			isa = PBXFileReference;
			path = input_state.cc;
			refType = 4;
			sourceTree = "<group>";
		};
		68026C0205D9918C00B0C9AC = {
			explicitFileType = sourcecode.cpp;
			fileEncoding = 30;
			isa = PBXFileReference;
			path = bestpdb.cc;
			refType = 4;
			sourceTree = "<group>";
		};
		68026C0405D9918C00B0C9AC = {
			explicitFileType = sourcecode.cpp;
			fileEncoding = 30;
			isa = PBXFileReference;
			path = initautodock.cc;
			refType = 4;
			sourceTree = "<group>";
		};
		68026C0505D9918C00B0C9AC = {
			explicitFileType = sourcecode.cpp;
			fileEncoding = 30;
			isa = PBXFileReference;
			path = cnv_state_to_coords.cc;
			refType = 4;
			sourceTree = "<group>";
		};
		68026C0605D9918C00B0C9AC = {
			explicitFileType = sourcecode.cpp;
			fileEncoding = 30;
			isa = PBXFileReference;
			path = call_ls.cc;
			refType = 4;
			sourceTree = "<group>";
		};
		68026C0705D9918C00B0C9AC = {
			explicitFileType = sourcecode.cpp;
			fileEncoding = 30;
			isa = PBXFileReference;
			path = analysis.cc;
			refType = 4;
			sourceTree = "<group>";
		};
		68026C0805D9918C00B0C9AC = {
			explicitFileType = sourcecode.cpp;
			fileEncoding = 30;
			isa = PBXFileReference;
			path = check_header_line.cc;
			refType = 4;
			sourceTree = "<group>";
		};
		68026C0905D9918C00B0C9AC = {
			explicitFileType = sourcecode.cpp;
			fileEncoding = 30;
			isa = PBXFileReference;
			path = cluster_analysis.cc;
			refType = 4;
			sourceTree = "<group>";
		};
		68026C0A05D9918C00B0C9AC = {
			explicitFileType = sourcecode.cpp;
			fileEncoding = 30;
			isa = PBXFileReference;
			path = openfile.cc;
			refType = 4;
			sourceTree = "<group>";
		};
		68026C0B05D9918C00B0C9AC = {
			explicitFileType = sourcecode.cpp;
			fileEncoding = 30;
			isa = PBXFileReference;
			path = banner.cc;
			refType = 4;
			sourceTree = "<group>";
		};
		68026C0C05D9918C00B0C9AC = {
			explicitFileType = sourcecode.cpp;
			fileEncoding = 30;
			isa = PBXFileReference;
			path = eval.cc;
			refType = 4;
			sourceTree = "<group>";
		};
		68026C0D05D9918C00B0C9AC = {
			explicitFileType = sourcecode.cpp;
			fileEncoding = 30;
			isa = PBXFileReference;
			path = print_2x.cc;
			refType = 4;
			sourceTree = "<group>";
		};
		68026C0E05D9918C00B0C9AC = {
			explicitFileType = sourcecode.cpp;
			fileEncoding = 30;
			isa = PBXFileReference;
			path = prTorConList.cc;
			refType = 4;
			sourceTree = "<group>";
		};
		68026C0F05D9918C00B0C9AC = {
			explicitFileType = sourcecode.cpp;
			fileEncoding = 30;
			isa = PBXFileReference;
			path = printhms.cc;
			refType = 4;
			sourceTree = "<group>";
		};
		68026C1005D9918C00B0C9AC = {
			explicitFileType = sourcecode.cpp;
			fileEncoding = 30;
			isa = PBXFileReference;
			path = linpack.cc;
			refType = 4;
			sourceTree = "<group>";
		};
		68026C1105D9918C00B0C9AC = {
			explicitFileType = sourcecode.cpp;
			fileEncoding = 30;
			isa = PBXFileReference;
			path = parse_trj_line.cc;
			refType = 4;
			sourceTree = "<group>";
		};
		68026C1205D9918C00B0C9AC = {
			explicitFileType = sourcecode.cpp;
			fileEncoding = 30;
			isa = PBXFileReference;
			path = ls.cc;
			refType = 4;
			sourceTree = "<group>";
		};
		68026C1305D9918C00B0C9AC = {
			explicitFileType = sourcecode.cpp;
			fileEncoding = 30;
			isa = PBXFileReference;
			path = clmode.cc;
			refType = 4;
			sourceTree = "<group>";
		};
		68026C1405D9918C00B0C9AC = {
			explicitFileType = sourcecode.cpp;
			fileEncoding = 30;
			isa = PBXFileReference;
			path = qmultiply.cc;
			refType = 4;
			sourceTree = "<group>";
		};
		68026C1505D9918C00B0C9AC = {
			explicitFileType = sourcecode.cpp;
			fileEncoding = 30;
			isa = PBXFileReference;
			path = gs.cc;
			refType = 4;
			sourceTree = "<group>";
		};
		68026C1605D9918C00B0C9AC = {
			explicitFileType = sourcecode.cpp;
			fileEncoding = 30;
			isa = PBXFileReference;
			path = print_atomic_energies.cc;
			refType = 4;
			sourceTree = "<group>";
		};
		68026C1705D9918C00B0C9AC = {
			explicitFileType = sourcecode.cpp;
			fileEncoding = 30;
			isa = PBXFileReference;
			path = parse_dpf_line.cc;
			refType = 4;
			sourceTree = "<group>";
		};
		68026C1805D9918C00B0C9AC = {
			explicitFileType = sourcecode.cpp;
			fileEncoding = 30;
			isa = PBXFileReference;
			path = com.cc;
			refType = 4;
			sourceTree = "<group>";
		};
		68026C1905D9918C00B0C9AC = {
			explicitFileType = sourcecode.cpp;
			fileEncoding = 30;
			isa = PBXFileReference;
			path = coliny.cc;
			refType = 4;
			sourceTree = "<group>";
		};
		68026C1A05D9918C00B0C9AC = {
			explicitFileType = sourcecode.cpp;
			fileEncoding = 30;
			isa = PBXFileReference;
			path = check_header_float.cc;
			refType = 4;
			sourceTree = "<group>";
		};
		68026C1B05D9918C00B0C9AC = {
			explicitFileType = sourcecode.cpp;
			fileEncoding = 30;
			isa = PBXFileReference;
			path = evaluate_energy.cc;
			refType = 4;
			sourceTree = "<group>";
		};
		68026C1C05D9918C00B0C9AC = {
			explicitFileType = sourcecode.cpp;
			fileEncoding = 30;
			isa = PBXFileReference;
			path = getInitialState.cc;
			refType = 4;
			sourceTree = "<group>";
		};
		68026C1D05D9918C00B0C9AC = {
			explicitFileType = sourcecode.cpp;
			fileEncoding = 30;
			isa = PBXFileReference;
			path = gencau.cc;
			refType = 4;
			sourceTree = "<group>";
		};
		68026C1E05D9918C00B0C9AC = {
			explicitFileType = sourcecode.cpp;
			fileEncoding = 30;
			isa = PBXFileReference;
			path = parse_com_line.cc;
			refType = 4;
			sourceTree = "<group>";
		};
		68026C1F05D9918C00B0C9AC = {
			explicitFileType = sourcecode.cpp;
			fileEncoding = 30;
			isa = PBXFileReference;
			path = intnbtable.cc;
			refType = 4;
			sourceTree = "<group>";
		};
		68026C2005D9918C00B0C9AC = {
			explicitFileType = sourcecode.cpp;
			fileEncoding = 30;
			isa = PBXFileReference;
			path = call_glss.cc;
			refType = 4;
			sourceTree = "<group>";
		};
		68026C2105D9918C00B0C9AC = {
			explicitFileType = sourcecode.cpp;
			fileEncoding = 30;
			isa = PBXFileReference;
			path = prClusterHist.cc;
			refType = 4;
			sourceTree = "<group>";
		};
		68026C2205D9918C00B0C9AC = {
			explicitFileType = sourcecode.cpp;
			fileEncoding = 30;
			isa = PBXFileReference;
			path = check_header_int.cc;
			refType = 4;
			sourceTree = "<group>";
		};
		68026C2305D9918C00B0C9AC = {
			fileRef = 68026BCB05D9918C00B0C9AC;
			isa = PBXBuildFile;
			settings = {
				COMPILER_FLAGS = "-DNOSQRT -DBOUNDED -DEINTCALPRINT";
			};
		};
		68026C2505D9918C00B0C9AC = {
			fileRef = 68026BCD05D9918C00B0C9AC;
			isa = PBXBuildFile;
			settings = {
			};
		};
		68026C2605D9918C00B0C9AC = {
			fileRef = 68026BCE05D9918C00B0C9AC;
			isa = PBXBuildFile;
			settings = {
				COMPILER_FLAGS = "-DEINTCALPRINT";
			};
		};
		68026C2705D9918C00B0C9AC = {
			fileRef = 68026BCF05D9918C00B0C9AC;
			isa = PBXBuildFile;
			settings = {
			};
		};
		68026C2805D9918C00B0C9AC = {
			fileRef = 68026BD005D9918C00B0C9AC;
			isa = PBXBuildFile;
			settings = {
			};
		};
		68026C2905D9918C00B0C9AC = {
			fileRef = 68026BD105D9918C00B0C9AC;
			isa = PBXBuildFile;
			settings = {
			};
		};
		68026C2A05D9918C00B0C9AC = {
			fileRef = 68026BD205D9918C00B0C9AC;
			isa = PBXBuildFile;
			settings = {
			};
		};
		68026C2B05D9918C00B0C9AC = {
			fileRef = 68026BD305D9918C00B0C9AC;
			isa = PBXBuildFile;
			settings = {
			};
		};
		68026C2C05D9918C00B0C9AC = {
			fileRef = 68026BD405D9918C00B0C9AC;
			isa = PBXBuildFile;
			settings = {
			};
		};
		68026C2D05D9918C00B0C9AC = {
			fileRef = 68026BD505D9918C00B0C9AC;
			isa = PBXBuildFile;
			settings = {
			};
		};
		68026C2E05D9918C00B0C9AC = {
			fileRef = 68026BD605D9918C00B0C9AC;
			isa = PBXBuildFile;
			settings = {
			};
		};
		68026C2F05D9918C00B0C9AC = {
			fileRef = 68026BD705D9918C00B0C9AC;
			isa = PBXBuildFile;
			settings = {
			};
		};
		68026C3005D9918C00B0C9AC = {
			fileRef = 68026BD805D9918C00B0C9AC;
			isa = PBXBuildFile;
			settings = {
			};
		};
		68026C3105D9918C00B0C9AC = {
			fileRef = 68026BD905D9918C00B0C9AC;
			isa = PBXBuildFile;
			settings = {
			};
		};
		68026C3205D9918C00B0C9AC = {
			fileRef = 68026BDA05D9918C00B0C9AC;
			isa = PBXBuildFile;
			settings = {
			};
		};
		68026C3305D9918C00B0C9AC = {
			fileRef = 68026BDB05D9918C00B0C9AC;
			isa = PBXBuildFile;
			settings = {
			};
		};
		68026C3405D9918C00B0C9AC = {
			fileRef = 68026BDC05D9918C00B0C9AC;
			isa = PBXBuildFile;
			settings = {
			};
		};
		68026C3505D9918C00B0C9AC = {
			fileRef = 68026BDD05D9918C00B0C9AC;
			isa = PBXBuildFile;
			settings = {
			};
		};
		68026C3605D9918C00B0C9AC = {
			fileRef = 68026BDE05D9918C00B0C9AC;
			isa = PBXBuildFile;
			settings = {
			};
		};
		68026C3705D9918C00B0C9AC = {
			fileRef = 68026BDF05D9918C00B0C9AC;
			isa = PBXBuildFile;
			settings = {
			};
		};
		68026C3805D9918C00B0C9AC = {
			fileRef = 68026BE005D9918C00B0C9AC;
			isa = PBXBuildFile;
			settings = {
			};
		};
		68026C3905D9918C00B0C9AC = {
			fileRef = 68026BE105D9918C00B0C9AC;
			isa = PBXBuildFile;
			settings = {
			};
		};
		68026C3A05D9918C00B0C9AC = {
			fileRef = 68026BE205D9918C00B0C9AC;
			isa = PBXBuildFile;
			settings = {
			};
		};
		68026C3B05D9918C00B0C9AC = {
			fileRef = 68026BE305D9918C00B0C9AC;
			isa = PBXBuildFile;
			settings = {
			};
		};
		68026C3D05D9918C00B0C9AC = {
			fileRef = 68026BE505D9918C00B0C9AC;
			isa = PBXBuildFile;
			settings = {
				COMPILER_FLAGS = "-DNOSQRT";
			};
		};
		68026C3E05D9918C00B0C9AC = {
			fileRef = 68026BE605D9918C00B0C9AC;
			isa = PBXBuildFile;
			settings = {
			};
		};
		68026C3F05D9918C00B0C9AC = {
			fileRef = 68026BE705D9918C00B0C9AC;
			isa = PBXBuildFile;
			settings = {
			};
		};
		68026C4005D9918C00B0C9AC = {
			fileRef = 68026BE805D9918C00B0C9AC;
			isa = PBXBuildFile;
			settings = {
			};
		};
		68026C4105D9918C00B0C9AC = {
			fileRef = 68026BE905D9918C00B0C9AC;
			isa = PBXBuildFile;
			settings = {
				COMPILER_FLAGS = "-DWRITEPDBQSTATE";
			};
		};
		68026C4205D9918C00B0C9AC = {
			fileRef = 68026BEA05D9918C00B0C9AC;
			isa = PBXBuildFile;
			settings = {
			};
		};
		68026C4305D9918C00B0C9AC = {
			fileRef = 68026BEB05D9918C00B0C9AC;
			isa = PBXBuildFile;
			settings = {
			};
		};
		68026C4405D9918C00B0C9AC = {
			fileRef = 68026BEC05D9918C00B0C9AC;
			isa = PBXBuildFile;
			settings = {
			};
		};
		68026C4505D9918C00B0C9AC = {
			fileRef = 68026BED05D9918C00B0C9AC;
			isa = PBXBuildFile;
			settings = {
			};
		};
		68026C4605D9918C00B0C9AC = {
			fileRef = 68026BEE05D9918C00B0C9AC;
			isa = PBXBuildFile;
			settings = {
			};
		};
		68026C4705D9918C00B0C9AC = {
			fileRef = 68026BEF05D9918C00B0C9AC;
			isa = PBXBuildFile;
			settings = {
			};
		};
		68026C4805D9918C00B0C9AC = {
			fileRef = 68026BF005D9918C00B0C9AC;
			isa = PBXBuildFile;
			settings = {
			};
		};
		68026C4905D9918C00B0C9AC = {
			fileRef = 68026BF105D9918C00B0C9AC;
			isa = PBXBuildFile;
			settings = {
			};
		};
		68026C4A05D9918C00B0C9AC = {
			fileRef = 68026BF205D9918C00B0C9AC;
			isa = PBXBuildFile;
			settings = {
			};
		};
		68026C4B05D9918C00B0C9AC = {
			fileRef = 68026BF305D9918C00B0C9AC;
			isa = PBXBuildFile;
			settings = {
			};
		};
		68026C4C05D9918C00B0C9AC = {
			fileRef = 68026BF405D9918C00B0C9AC;
			isa = PBXBuildFile;
			settings = {
			};
		};
		68026C4D05D9918C00B0C9AC = {
			fileRef = 68026BF505D9918C00B0C9AC;
			isa = PBXBuildFile;
			settings = {
			};
		};
		68026C4E05D9918C00B0C9AC = {
			fileRef = 68026BF605D9918C00B0C9AC;
			isa = PBXBuildFile;
			settings = {
			};
		};
		68026C4F05D9918C00B0C9AC = {
			fileRef = 68026BF705D9918C00B0C9AC;
			isa = PBXBuildFile;
			settings = {
			};
		};
		68026C5005D9918C00B0C9AC = {
			fileRef = 68026BF805D9918C00B0C9AC;
			isa = PBXBuildFile;
			settings = {
			};
		};
		68026C5105D9918C00B0C9AC = {
			fileRef = 68026BF905D9918C00B0C9AC;
			isa = PBXBuildFile;
			settings = {
			};
		};
		68026C5205D9918C00B0C9AC = {
			fileRef = 68026BFA05D9918C00B0C9AC;
			isa = PBXBuildFile;
			settings = {
			};
		};
		68026C5305D9918C00B0C9AC = {
			fileRef = 68026BFB05D9918C00B0C9AC;
			isa = PBXBuildFile;
			settings = {
				COMPILER_FLAGS = "-DNOSQRT -DBOUNDED";
			};
		};
		68026C5405D9918C00B0C9AC = {
			fileRef = 68026BFC05D9918C00B0C9AC;
			isa = PBXBuildFile;
			settings = {
			};
		};
		68026C5505D9918C00B0C9AC = {
			fileRef = 68026BFD05D9918C00B0C9AC;
			isa = PBXBuildFile;
			settings = {
			};
		};
		68026C5605D9918C00B0C9AC = {
			fileRef = 68026BFE05D9918C00B0C9AC;
			isa = PBXBuildFile;
			settings = {
			};
		};
		68026C5705D9918C00B0C9AC = {
			fileRef = 68026BFF05D9918C00B0C9AC;
			isa = PBXBuildFile;
			settings = {
			};
		};
		68026C5805D9918C00B0C9AC = {
			fileRef = 68026C0005D9918C00B0C9AC;
			isa = PBXBuildFile;
			settings = {
			};
		};
		68026C5905D9918C00B0C9AC = {
			fileRef = 68026C0105D9918C00B0C9AC;
			isa = PBXBuildFile;
			settings = {
			};
		};
		68026C5A05D9918C00B0C9AC = {
			fileRef = 68026C0205D9918C00B0C9AC;
			isa = PBXBuildFile;
			settings = {
			};
		};
		68026C5C05D9918C00B0C9AC = {
			fileRef = 68026C0405D9918C00B0C9AC;
			isa = PBXBuildFile;
			settings = {
			};
		};
		68026C5D05D9918C00B0C9AC = {
			fileRef = 68026C0505D9918C00B0C9AC;
			isa = PBXBuildFile;
			settings = {
			};
		};
		68026C5E05D9918C00B0C9AC = {
			fileRef = 68026C0605D9918C00B0C9AC;
			isa = PBXBuildFile;
			settings = {
			};
		};
		68026C5F05D9918C00B0C9AC = {
			fileRef = 68026C0705D9918C00B0C9AC;
			isa = PBXBuildFile;
			settings = {
			};
		};
		68026C6005D9918C00B0C9AC = {
			fileRef = 68026C0805D9918C00B0C9AC;
			isa = PBXBuildFile;
			settings = {
			};
		};
		68026C6105D9918C00B0C9AC = {
			fileRef = 68026C0905D9918C00B0C9AC;
			isa = PBXBuildFile;
			settings = {
			};
		};
		68026C6205D9918C00B0C9AC = {
			fileRef = 68026C0A05D9918C00B0C9AC;
			isa = PBXBuildFile;
			settings = {
			};
		};
		68026C6305D9918C00B0C9AC = {
			fileRef = 68026C0B05D9918C00B0C9AC;
			isa = PBXBuildFile;
			settings = {
			};
		};
		68026C6405D9918C00B0C9AC = {
			fileRef = 68026C0C05D9918C00B0C9AC;
			isa = PBXBuildFile;
			settings = {
			};
		};
		68026C6505D9918C00B0C9AC = {
			fileRef = 68026C0D05D9918C00B0C9AC;
			isa = PBXBuildFile;
			settings = {
			};
		};
		68026C6605D9918C00B0C9AC = {
			fileRef = 68026C0E05D9918C00B0C9AC;
			isa = PBXBuildFile;
			settings = {
			};
		};
		68026C6705D9918C00B0C9AC = {
			fileRef = 68026C0F05D9918C00B0C9AC;
			isa = PBXBuildFile;
			settings = {
			};
		};
		68026C6805D9918C00B0C9AC = {
			fileRef = 68026C1005D9918C00B0C9AC;
			isa = PBXBuildFile;
			settings = {
			};
		};
		68026C6905D9918C00B0C9AC = {
			fileRef = 68026C1105D9918C00B0C9AC;
			isa = PBXBuildFile;
			settings = {
			};
		};
		68026C6A05D9918C00B0C9AC = {
			fileRef = 68026C1205D9918C00B0C9AC;
			isa = PBXBuildFile;
			settings = {
			};
		};
		68026C6B05D9918C00B0C9AC = {
			fileRef = 68026C1305D9918C00B0C9AC;
			isa = PBXBuildFile;
			settings = {
			};
		};
		68026C6C05D9918C00B0C9AC = {
			fileRef = 68026C1405D9918C00B0C9AC;
			isa = PBXBuildFile;
			settings = {
			};
		};
		68026C6D05D9918C00B0C9AC = {
			fileRef = 68026C1505D9918C00B0C9AC;
			isa = PBXBuildFile;
			settings = {
				COMPILER_FLAGS = "-DCHECK_ISNAN";
			};
		};
		68026C6E05D9918C00B0C9AC = {
			fileRef = 68026C1605D9918C00B0C9AC;
			isa = PBXBuildFile;
			settings = {
			};
		};
		68026C6F05D9918C00B0C9AC = {
			fileRef = 68026C1705D9918C00B0C9AC;
			isa = PBXBuildFile;
			settings = {
			};
		};
		68026C7005D9918C00B0C9AC = {
			fileRef = 68026C1805D9918C00B0C9AC;
			isa = PBXBuildFile;
			settings = {
			};
		};
		68026C7105D9918C00B0C9AC = {
			fileRef = 68026C1905D9918C00B0C9AC;
			isa = PBXBuildFile;
			settings = {
			};
		};
		68026C7205D9918C00B0C9AC = {
			fileRef = 68026C1A05D9918C00B0C9AC;
			isa = PBXBuildFile;
			settings = {
			};
		};
		68026C7305D9918C00B0C9AC = {
			fileRef = 68026C1B05D9918C00B0C9AC;
			isa = PBXBuildFile;
			settings = {
			};
		};
		68026C7405D9918C00B0C9AC = {
			fileRef = 68026C1C05D9918C00B0C9AC;
			isa = PBXBuildFile;
			settings = {
			};
		};
		68026C7505D9918C00B0C9AC = {
			fileRef = 68026C1D05D9918C00B0C9AC;
			isa = PBXBuildFile;
			settings = {
			};
		};
		68026C7605D9918C00B0C9AC = {
			fileRef = 68026C1E05D9918C00B0C9AC;
			isa = PBXBuildFile;
			settings = {
			};
		};
		68026C7705D9918C00B0C9AC = {
			fileRef = 68026C1F05D9918C00B0C9AC;
			isa = PBXBuildFile;
			settings = {
				COMPILER_FLAGS = "-DNOSQRT";
			};
		};
		68026C7805D9918C00B0C9AC = {
			fileRef = 68026C2005D9918C00B0C9AC;
			isa = PBXBuildFile;
			settings = {
			};
		};
		68026C7905D9918C00B0C9AC = {
			fileRef = 68026C2105D9918C00B0C9AC;
			isa = PBXBuildFile;
			settings = {
			};
		};
		68026C7A05D9918C00B0C9AC = {
			fileRef = 68026C2205D9918C00B0C9AC;
			isa = PBXBuildFile;
			settings = {
			};
		};
		68026E1705D9D40500B0C9AC = {
			explicitFileType = sourcecode.cpp;
			fileEncoding = 30;
			isa = PBXFileReference;
			path = writeMolAsPDBQ.cc;
			refType = 4;
			sourceTree = "<group>";
		};
		68026E1905D9D40500B0C9AC = {
			fileRef = 68026E1705D9D40500B0C9AC;
			isa = PBXBuildFile;
			settings = {
				COMPILER_FLAGS = "-DWRITEMOLASPDBQFUNC";
			};
		};
		68191FAD05CF4C4300DD9827 = {
			fileEncoding = 30;
			isa = PBXFileReference;
			lastKnownFileType = sourcecode.c.h;
			path = writePDBQ.h;
			refType = 4;
			sourceTree = "<group>";
		};
		68191FAE05CF4C4300DD9827 = {
			fileEncoding = 30;
			isa = PBXFileReference;
			lastKnownFileType = sourcecode.c.h;
			path = weedbonds.h;
			refType = 4;
			sourceTree = "<group>";
		};
		68191FAF05CF4C4300DD9827 = {
			fileEncoding = 30;
			isa = PBXFileReference;
			lastKnownFileType = sourcecode.c.h;
			path = warn_bad_file.h;
			refType = 4;
			sourceTree = "<group>";
		};
		68191FB005CF4C4300DD9827 = {
			fileEncoding = 30;
			isa = PBXFileReference;
			lastKnownFileType = sourcecode.c.h;
			path = usage.h;
			refType = 4;
			sourceTree = "<group>";
		};
		68191FB105CF4C4300DD9827 = {
			fileEncoding = 30;
			isa = PBXFileReference;
			lastKnownFileType = sourcecode.c.h;
			path = typedefs.h;
			refType = 4;
			sourceTree = "<group>";
		};
		68191FB205CF4C4300DD9827 = {
			fileEncoding = 30;
			isa = PBXFileReference;
			lastKnownFileType = sourcecode.c.h;
			path = trjtokens.h;
			refType = 4;
			sourceTree = "<group>";
		};
		68191FB305CF4C4300DD9827 = {
			fileEncoding = 30;
			isa = PBXFileReference;
			lastKnownFileType = sourcecode.c.h;
			path = trilinterp.h;
			refType = 4;
			sourceTree = "<group>";
		};
		68191FB405CF4C4300DD9827 = {
			fileEncoding = 30;
			isa = PBXFileReference;
			lastKnownFileType = sourcecode.c.h;
			path = torsion.h;
			refType = 4;
			sourceTree = "<group>";
		};
		68191FB505CF4C4300DD9827 = {
			fileEncoding = 30;
			isa = PBXFileReference;
			lastKnownFileType = sourcecode.c.h;
			path = torNorVec.h;
			refType = 4;
			sourceTree = "<group>";
		};
		68191FB605CF4C4300DD9827 = {
			fileEncoding = 30;
			isa = PBXFileReference;
			lastKnownFileType = sourcecode.c.h;
			path = timesyshms.h;
			refType = 4;
			sourceTree = "<group>";
		};
		68191FB705CF4C4300DD9827 = {
			fileEncoding = 30;
			isa = PBXFileReference;
			lastKnownFileType = sourcecode.c.h;
			path = timesys.h;
			refType = 4;
			sourceTree = "<group>";
		};
		68191FB805CF4C4300DD9827 = {
			fileEncoding = 30;
			isa = PBXFileReference;
			lastKnownFileType = sourcecode.c.h;
			path = swap.h;
			refType = 4;
			sourceTree = "<group>";
		};
		68191FB905CF4C4300DD9827 = {
			fileEncoding = 30;
			isa = PBXFileReference;
			lastKnownFileType = sourcecode.c.h;
			path = support.h;
			refType = 4;
			sourceTree = "<group>";
		};
		68191FBA05CF4C4300DD9827 = {
			fileEncoding = 30;
			isa = PBXFileReference;
			lastKnownFileType = sourcecode.c.h;
			path = summarizegrids.h;
			refType = 4;
			sourceTree = "<group>";
		};
		68191FBB05CF4C4300DD9827 = {
			fileEncoding = 30;
			isa = PBXFileReference;
			lastKnownFileType = sourcecode.c.h;
			path = success.h;
			refType = 4;
			sourceTree = "<group>";
		};
		68191FBC05CF4C4300DD9827 = {
			fileEncoding = 30;
			isa = PBXFileReference;
			lastKnownFileType = sourcecode.c.h;
			path = structs.h;
			refType = 4;
			sourceTree = "<group>";
		};
		68191FBD05CF4C4300DD9827 = {
			fileEncoding = 30;
			isa = PBXFileReference;
			lastKnownFileType = sourcecode.c.h;
			path = strindex.h;
			refType = 4;
			sourceTree = "<group>";
		};
		68191FBE05CF4C4300DD9827 = {
			fileEncoding = 30;
			isa = PBXFileReference;
			lastKnownFileType = sourcecode.c.h;
			path = stop.h;
			refType = 4;
			sourceTree = "<group>";
		};
		68191FBF05CF4C4300DD9827 = {
			fileEncoding = 30;
			isa = PBXFileReference;
			lastKnownFileType = sourcecode.c.h;
			path = stateLibrary.h;
			refType = 4;
			sourceTree = "<group>";
		};
		68191FC005CF4C4300DD9827 = {
			fileEncoding = 30;
			isa = PBXFileReference;
			lastKnownFileType = sourcecode.c.h;
			path = sort_enrg.h;
			refType = 4;
			sourceTree = "<group>";
		};
		68191FC105CF4C4300DD9827 = {
			fileEncoding = 30;
			isa = PBXFileReference;
			lastKnownFileType = sourcecode.c.h;
			path = simanneal.h;
			refType = 4;
			sourceTree = "<group>";
		};
		68191FC205CF4C4300DD9827 = {
			fileEncoding = 30;
			isa = PBXFileReference;
			lastKnownFileType = sourcecode.c.h;
			path = setflags.h;
			refType = 4;
			sourceTree = "<group>";
		};
		68191FC305CF4C4300DD9827 = {
			fileEncoding = 30;
			isa = PBXFileReference;
			lastKnownFileType = sourcecode.c.h;
			path = set_cmd_io_std.h;
			refType = 4;
			sourceTree = "<group>";
		};
		68191FC405CF4C4300DD9827 = {
			fileEncoding = 30;
			isa = PBXFileReference;
			lastKnownFileType = sourcecode.c.h;
			path = rep.h;
			refType = 4;
			sourceTree = "<group>";
		};
		68191FC505CF4C4300DD9827 = {
			fileEncoding = 30;
			isa = PBXFileReference;
			lastKnownFileType = sourcecode.c.h;
			path = readPDBQ.h;
			refType = 4;
			sourceTree = "<group>";
		};
		68191FC605CF4C4300DD9827 = {
			fileEncoding = 30;
			isa = PBXFileReference;
			lastKnownFileType = sourcecode.c.h;
			path = readmap.h;
			refType = 4;
			sourceTree = "<group>";
		};
		68191FC705CF4C4300DD9827 = {
			fileEncoding = 30;
			isa = PBXFileReference;
			lastKnownFileType = sourcecode.c.h;
			path = readfield.h;
			refType = 4;
			sourceTree = "<group>";
		};
		68191FC805CF4C4300DD9827 = {
			fileEncoding = 30;
			isa = PBXFileReference;
			lastKnownFileType = sourcecode.c.h;
			path = ranlib.h;
			refType = 4;
			sourceTree = "<group>";
		};
		68191FC905CF4C4300DD9827 = {
			fileEncoding = 30;
			isa = PBXFileReference;
			lastKnownFileType = sourcecode.c.h;
			path = cluster_analysis.h;
			refType = 4;
			sourceTree = "<group>";
		};
		68191FCB05CF4C4300DD9827 = {
			fileEncoding = 30;
			isa = PBXFileReference;
			lastKnownFileType = sourcecode.c.h;
			path = input_state.h;
			refType = 4;
			sourceTree = "<group>";
		};
		68191FCC05CF4C4300DD9827 = {
			fileEncoding = 30;
			isa = PBXFileReference;
			lastKnownFileType = sourcecode.c.h;
			path = initautodock.h;
			refType = 4;
			sourceTree = "<group>";
		};
		68191FCD05CF4C4300DD9827 = {
			fileEncoding = 30;
			isa = PBXFileReference;
			lastKnownFileType = sourcecode.c.h;
			path = hybrids.h;
			refType = 4;
			sourceTree = "<group>";
		};
		68191FCE05CF4C4300DD9827 = {
			fileEncoding = 30;
			isa = PBXFileReference;
			lastKnownFileType = sourcecode.c.h;
			path = gs.h;
			refType = 4;
			sourceTree = "<group>";
		};
		68191FCF05CF4C4300DD9827 = {
			fileEncoding = 30;
			isa = PBXFileReference;
			lastKnownFileType = sourcecode.c.h;
			path = investigate.h;
			refType = 4;
			sourceTree = "<group>";
		};
		68191FD005CF4C4300DD9827 = {
			fileEncoding = 30;
			isa = PBXFileReference;
			lastKnownFileType = sourcecode.c.h;
			path = intnbtable.h;
			refType = 4;
			sourceTree = "<group>";
		};
		68191FD105CF4C4300DD9827 = {
			fileEncoding = 30;
			isa = PBXFileReference;
			lastKnownFileType = sourcecode.c.h;
			path = call_glss.h;
			refType = 4;
			sourceTree = "<group>";
		};
		68191FD405CF4C4300DD9827 = {
			fileEncoding = 30;
			isa = PBXFileReference;
			lastKnownFileType = sourcecode.c.h;
			path = globals.h;
			refType = 4;
			sourceTree = "<group>";
		};
		68191FD505CF4C4300DD9827 = {
			fileEncoding = 30;
			isa = PBXFileReference;
			lastKnownFileType = sourcecode.c.h;
			path = getrms.h;
			refType = 4;
			sourceTree = "<group>";
		};
		68191FDA05CF4C4400DD9827 = {
			fileEncoding = 30;
			isa = PBXFileReference;
			lastKnownFileType = sourcecode.c.h;
			path = call_gs.h;
			refType = 4;
			sourceTree = "<group>";
		};
		68191FDE05CF4C4400DD9827 = {
			fileEncoding = 30;
			isa = PBXFileReference;
			lastKnownFileType = sourcecode.c.h;
			path = analysis.h;
			refType = 4;
			sourceTree = "<group>";
		};
		68191FDF05CF4C4400DD9827 = {
			fileEncoding = 30;
			isa = PBXFileReference;
			lastKnownFileType = sourcecode.c.h;
			path = cnv_state_to_coords.h;
			refType = 4;
			sourceTree = "<group>";
		};
		68191FE005CF4C4400DD9827 = {
			fileEncoding = 30;
			isa = PBXFileReference;
			lastKnownFileType = sourcecode.c.h;
			path = dpftypes.h;
			refType = 4;
			sourceTree = "<group>";
		};
		68191FE105CF4C4400DD9827 = {
			fileEncoding = 30;
			isa = PBXFileReference;
			lastKnownFileType = sourcecode.c.h;
			path = coliny.h;
			refType = 4;
			sourceTree = "<group>";
		};
		68191FE205CF4C4400DD9827 = {
			fileEncoding = 30;
			isa = PBXFileReference;
			lastKnownFileType = sourcecode.c.h;
			path = check_header_float.h;
			refType = 4;
			sourceTree = "<group>";
		};
		68191FE405CF4C4400DD9827 = {
			fileEncoding = 30;
			isa = PBXFileReference;
			lastKnownFileType = sourcecode.c.h;
			path = eval.h;
			refType = 4;
			sourceTree = "<group>";
		};
		68191FE505CF4C4400DD9827 = {
			fileEncoding = 30;
			isa = PBXFileReference;
			lastKnownFileType = sourcecode.c.h;
			path = get_atom_type.h;
			refType = 4;
			sourceTree = "<group>";
		};
		68191FE705CF4C4400DD9827 = {
			fileEncoding = 30;
			isa = PBXFileReference;
			lastKnownFileType = sourcecode.c.h;
			path = cmdtokens.h;
			refType = 4;
			sourceTree = "<group>";
		};
		68191FE805CF4C4400DD9827 = {
			fileEncoding = 30;
			isa = PBXFileReference;
			lastKnownFileType = sourcecode.c.h;
			path = dpftoken.h;
			refType = 4;
			sourceTree = "<group>";
		};
		68191FE905CF4C4400DD9827 = {
			fileEncoding = 30;
			isa = PBXFileReference;
			lastKnownFileType = sourcecode.c.h;
			path = gencau.h;
			refType = 4;
			sourceTree = "<group>";
		};
		68191FED05CF4C4400DD9827 = {
			fileEncoding = 30;
			isa = PBXFileReference;
			lastKnownFileType = sourcecode.c.h;
			path = energy.h;
			refType = 4;
			sourceTree = "<group>";
		};
		68191FEE05CF4C4400DD9827 = {
			fileEncoding = 30;
			isa = PBXFileReference;
			lastKnownFileType = sourcecode.c.h;
			path = eintcalPrint.h;
			refType = 4;
			sourceTree = "<group>";
		};
		68191FEF05CF4C4400DD9827 = {
			fileEncoding = 30;
			isa = PBXFileReference;
			lastKnownFileType = sourcecode.c.h;
			path = constants.h;
			refType = 4;
			sourceTree = "<group>";
		};
		68191FF005CF4C4400DD9827 = {
			fileEncoding = 30;
			isa = PBXFileReference;
			lastKnownFileType = sourcecode.c.h;
			path = getInitialState.h;
			refType = 4;
			sourceTree = "<group>";
		};
		68191FF605CF4C4400DD9827 = {
			fileEncoding = 30;
			isa = PBXFileReference;
			lastKnownFileType = sourcecode.c.h;
			path = check_header_line.h;
			refType = 4;
			sourceTree = "<group>";
		};
		68191FF805CF4C4400DD9827 = {
			fileEncoding = 30;
			isa = PBXFileReference;
			lastKnownFileType = sourcecode.c.h;
			path = changeState.h;
			refType = 4;
			sourceTree = "<group>";
		};
		68191FFC05CF4C4400DD9827 = {
			fileEncoding = 30;
			isa = PBXFileReference;
			lastKnownFileType = sourcecode.c.h;
			path = evaluate_energy.h;
			refType = 4;
			sourceTree = "<group>";
		};
		68191FFF05CF4C4400DD9827 = {
			fileEncoding = 30;
			isa = PBXFileReference;
			lastKnownFileType = sourcecode.c.h;
			path = check_header_int.h;
			refType = 4;
			sourceTree = "<group>";
		};
		6819200005CF4C4400DD9827 = {
			fileEncoding = 30;
			isa = PBXFileReference;
			lastKnownFileType = sourcecode.c.h;
			path = autocomm.h;
			refType = 4;
			sourceTree = "<group>";
		};
		6819200205CF4C4400DD9827 = {
			fileEncoding = 30;
			isa = PBXFileReference;
			lastKnownFileType = sourcecode.c.h;
			path = getpdbcrds.h;
			refType = 4;
			sourceTree = "<group>";
		};
		6819200405CF4C4400DD9827 = {
			fileEncoding = 30;
			isa = PBXFileReference;
			lastKnownFileType = sourcecode.c.h;
			path = autoglobal.h;
			refType = 4;
			sourceTree = "<group>";
		};
		6819200505CF4C4400DD9827 = {
			fileEncoding = 30;
			isa = PBXFileReference;
			lastKnownFileType = sourcecode.c.h;
			path = parse_pdbq_line.h;
			refType = 4;
			sourceTree = "<group>";
		};
		6819200605CF4C4400DD9827 = {
			fileEncoding = 30;
			isa = PBXFileReference;
			lastKnownFileType = sourcecode.c.h;
			path = parse_dpf_line.h;
			refType = 4;
			sourceTree = "<group>";
		};
		6819200705CF4C4400DD9827 = {
			fileEncoding = 30;
			isa = PBXFileReference;
			lastKnownFileType = sourcecode.c.h;
			path = parse_com_line.h;
			refType = 4;
			sourceTree = "<group>";
		};
		6819200805CF4C4400DD9827 = {
			fileEncoding = 30;
			isa = PBXFileReference;
			lastKnownFileType = sourcecode.c.h;
			path = output_state.h;
			refType = 4;
			sourceTree = "<group>";
		};
		6819200905CF4C4400DD9827 = {
			fileEncoding = 30;
			isa = PBXFileReference;
			lastKnownFileType = sourcecode.c.h;
			path = openfile.h;
			refType = 4;
			sourceTree = "<group>";
		};
		6819200A05CF4C4400DD9827 = {
			fileEncoding = 30;
			isa = PBXFileReference;
			lastKnownFileType = sourcecode.c.h;
			path = nonbonds.h;
			refType = 4;
			sourceTree = "<group>";
		};
		6819200B05CF4C4400DD9827 = {
			fileEncoding = 30;
			isa = PBXFileReference;
			lastKnownFileType = sourcecode.c.h;
			path = nbe.h;
			refType = 4;
			sourceTree = "<group>";
		};
		6819200C05CF4C4400DD9827 = {
			fileEncoding = 30;
			isa = PBXFileReference;
			lastKnownFileType = sourcecode.c.h;
			path = prClusterHist.h;
			refType = 4;
			sourceTree = "<group>";
		};
		6819200D05CF4C4400DD9827 = {
			fileEncoding = 30;
			isa = PBXFileReference;
			lastKnownFileType = sourcecode.c.h;
			path = pdbqtokens.h;
			refType = 4;
			sourceTree = "<group>";
		};
		6819200E05CF4C4400DD9827 = {
			fileEncoding = 30;
			isa = PBXFileReference;
			lastKnownFileType = sourcecode.c.h;
			path = parse_trj_line.h;
			refType = 4;
			sourceTree = "<group>";
		};
		6819200F05CF4C4400DD9827 = {
			fileEncoding = 30;
			isa = PBXFileReference;
			lastKnownFileType = sourcecode.c.h;
			path = cmdmode.h;
			refType = 4;
			sourceTree = "<group>";
		};
		6819201005CF4C4400DD9827 = {
			fileEncoding = 30;
			isa = PBXFileReference;
			lastKnownFileType = sourcecode.c.h;
			path = mkRandomState.h;
			refType = 4;
			sourceTree = "<group>";
		};
		6819201105CF4C4400DD9827 = {
			fileEncoding = 30;
			isa = PBXFileReference;
			lastKnownFileType = sourcecode.c.h;
			path = mkNewState.h;
			refType = 4;
			sourceTree = "<group>";
		};
		6819201205CF4C4400DD9827 = {
			fileEncoding = 30;
			isa = PBXFileReference;
			lastKnownFileType = sourcecode.c.h;
			path = main.h;
			refType = 4;
			sourceTree = "<group>";
		};
		6819201505CF4C4400DD9827 = {
			fileEncoding = 30;
			isa = PBXFileReference;
			lastKnownFileType = sourcecode.c.h;
			path = ls.h;
			refType = 4;
			sourceTree = "<group>";
		};
		6819201C05CF4C4400DD9827 = {
			fileEncoding = 30;
			isa = PBXFileReference;
			lastKnownFileType = sourcecode.c.h;
			path = quicksort.h;
			refType = 4;
			sourceTree = "<group>";
		};
		6819201D05CF4C4400DD9827 = {
			fileEncoding = 30;
			isa = PBXFileReference;
			lastKnownFileType = sourcecode.c.h;
			path = qtransform.h;
			refType = 4;
			sourceTree = "<group>";
		};
		6819201E05CF4C4400DD9827 = {
			fileEncoding = 30;
			isa = PBXFileReference;
			lastKnownFileType = sourcecode.c.h;
			path = qmultiply.h;
			refType = 4;
			sourceTree = "<group>";
		};
		6819201F05CF4C4400DD9827 = {
			fileEncoding = 30;
			isa = PBXFileReference;
			lastKnownFileType = sourcecode.c.h;
			path = molstruct.h;
			refType = 4;
			sourceTree = "<group>";
		};
		6819202005CF4C4400DD9827 = {
			fileEncoding = 30;
			isa = PBXFileReference;
			lastKnownFileType = sourcecode.c.h;
			path = mkTorTree.h;
			refType = 4;
			sourceTree = "<group>";
		};
		6819202205CF4C4400DD9827 = {
			fileEncoding = 30;
			isa = PBXFileReference;
			lastKnownFileType = sourcecode.c.h;
			path = prTorConList.h;
			refType = 4;
			sourceTree = "<group>";
		};
		6819202305CF4C4400DD9827 = {
			fileEncoding = 30;
			isa = PBXFileReference;
			lastKnownFileType = sourcecode.c.h;
			path = printhms.h;
			refType = 4;
			sourceTree = "<group>";
		};
		6819202405CF4C4400DD9827 = {
			fileEncoding = 30;
			isa = PBXFileReference;
			lastKnownFileType = sourcecode.c.h;
			path = printEnergies.h;
			refType = 4;
			sourceTree = "<group>";
		};
		6819202505CF4C4400DD9827 = {
			fileEncoding = 30;
			isa = PBXFileReference;
			lastKnownFileType = sourcecode.c.h;
			path = printdate.h;
			refType = 4;
			sourceTree = "<group>";
		};
		6819202605CF4C4400DD9827 = {
			fileEncoding = 30;
			isa = PBXFileReference;
			lastKnownFileType = sourcecode.c.h;
			path = print_rem.h;
			refType = 4;
			sourceTree = "<group>";
		};
		6819202705CF4C4400DD9827 = {
			fileEncoding = 30;
			isa = PBXFileReference;
			lastKnownFileType = sourcecode.c.h;
			path = print_avsfld.h;
			refType = 4;
			sourceTree = "<group>";
		};
		6819202805CF4C4400DD9827 = {
			fileEncoding = 30;
			isa = PBXFileReference;
			lastKnownFileType = sourcecode.c.h;
			path = print_atomic_energies.h;
			refType = 4;
			sourceTree = "<group>";
		};
		6819202905CF4C4400DD9827 = {
			fileEncoding = 30;
			isa = PBXFileReference;
			lastKnownFileType = sourcecode.c.h;
			path = print_2x.h;
			refType = 4;
			sourceTree = "<group>";
		};
		6819202A05CF4C4400DD9827 = {
			fileEncoding = 30;
			isa = PBXFileReference;
			lastKnownFileType = sourcecode.c.h;
			path = prInitialState.h;
			refType = 4;
			sourceTree = "<group>";
		};
		6819202C05CF4C4400DD9827 = {
			fileEncoding = 30;
			isa = PBXFileReference;
			lastKnownFileType = sourcecode.c.h;
			path = eintcal.h;
			refType = 4;
			sourceTree = "<group>";
		};
		6819202F05CF4C4400DD9827 = {
			fileEncoding = 30;
			isa = PBXFileReference;
			lastKnownFileType = sourcecode.c.h;
			path = clmode.h;
			refType = 4;
			sourceTree = "<group>";
		};
		6819203405CF4C4400DD9827 = {
			fileEncoding = 30;
			isa = PBXFileReference;
			lastKnownFileType = sourcecode.c.h;
			path = banner.h;
			refType = 4;
			sourceTree = "<group>";
		};
		6819203705CF4C4400DD9827 = {
			fileEncoding = 30;
			isa = PBXFileReference;
			lastKnownFileType = sourcecode.c.h;
			path = bestpdb.h;
			refType = 4;
			sourceTree = "<group>";
		};
		6819203D05CF4C4400DD9827 = {
			fileEncoding = 30;
			isa = PBXFileReference;
			lastKnownFileType = sourcecode.c.h;
			path = call_ls.h;
			refType = 4;
			sourceTree = "<group>";
		};
		6819206205CF4C4400DD9827 = {
			fileRef = 68191FAD05CF4C4300DD9827;
			isa = PBXBuildFile;
			settings = {
			};
		};
		6819206305CF4C4400DD9827 = {
			fileRef = 68191FAE05CF4C4300DD9827;
			isa = PBXBuildFile;
			settings = {
			};
		};
		6819206405CF4C4400DD9827 = {
			fileRef = 68191FAF05CF4C4300DD9827;
			isa = PBXBuildFile;
			settings = {
			};
		};
		6819206505CF4C4400DD9827 = {
			fileRef = 68191FB005CF4C4300DD9827;
			isa = PBXBuildFile;
			settings = {
			};
		};
		6819206605CF4C4400DD9827 = {
			fileRef = 68191FB105CF4C4300DD9827;
			isa = PBXBuildFile;
			settings = {
			};
		};
		6819206705CF4C4400DD9827 = {
			fileRef = 68191FB205CF4C4300DD9827;
			isa = PBXBuildFile;
			settings = {
			};
		};
		6819206805CF4C4400DD9827 = {
			fileRef = 68191FB305CF4C4300DD9827;
			isa = PBXBuildFile;
			settings = {
			};
		};
		6819206905CF4C4400DD9827 = {
			fileRef = 68191FB405CF4C4300DD9827;
			isa = PBXBuildFile;
			settings = {
			};
		};
		6819206A05CF4C4400DD9827 = {
			fileRef = 68191FB505CF4C4300DD9827;
			isa = PBXBuildFile;
			settings = {
			};
		};
		6819206B05CF4C4400DD9827 = {
			fileRef = 68191FB605CF4C4300DD9827;
			isa = PBXBuildFile;
			settings = {
			};
		};
		6819206C05CF4C4400DD9827 = {
			fileRef = 68191FB705CF4C4300DD9827;
			isa = PBXBuildFile;
			settings = {
			};
		};
		6819206D05CF4C4400DD9827 = {
			fileRef = 68191FB805CF4C4300DD9827;
			isa = PBXBuildFile;
			settings = {
			};
		};
		6819206E05CF4C4400DD9827 = {
			fileRef = 68191FB905CF4C4300DD9827;
			isa = PBXBuildFile;
			settings = {
			};
		};
		6819206F05CF4C4400DD9827 = {
			fileRef = 68191FBA05CF4C4300DD9827;
			isa = PBXBuildFile;
			settings = {
			};
		};
		6819207005CF4C4400DD9827 = {
			fileRef = 68191FBB05CF4C4300DD9827;
			isa = PBXBuildFile;
			settings = {
			};
		};
		6819207105CF4C4400DD9827 = {
			fileRef = 68191FBC05CF4C4300DD9827;
			isa = PBXBuildFile;
			settings = {
			};
		};
		6819207205CF4C4400DD9827 = {
			fileRef = 68191FBD05CF4C4300DD9827;
			isa = PBXBuildFile;
			settings = {
			};
		};
		6819207305CF4C4400DD9827 = {
			fileRef = 68191FBE05CF4C4300DD9827;
			isa = PBXBuildFile;
			settings = {
			};
		};
		6819207405CF4C4400DD9827 = {
			fileRef = 68191FBF05CF4C4300DD9827;
			isa = PBXBuildFile;
			settings = {
			};
		};
		6819207505CF4C4400DD9827 = {
			fileRef = 68191FC005CF4C4300DD9827;
			isa = PBXBuildFile;
			settings = {
			};
		};
		6819207605CF4C4400DD9827 = {
			fileRef = 68191FC105CF4C4300DD9827;
			isa = PBXBuildFile;
			settings = {
			};
		};
		6819207705CF4C4400DD9827 = {
			fileRef = 68191FC205CF4C4300DD9827;
			isa = PBXBuildFile;
			settings = {
			};
		};
		6819207805CF4C4400DD9827 = {
			fileRef = 68191FC305CF4C4300DD9827;
			isa = PBXBuildFile;
			settings = {
			};
		};
		6819207905CF4C4400DD9827 = {
			fileRef = 68191FC405CF4C4300DD9827;
			isa = PBXBuildFile;
			settings = {
			};
		};
		6819207A05CF4C4400DD9827 = {
			fileRef = 68191FC505CF4C4300DD9827;
			isa = PBXBuildFile;
			settings = {
			};
		};
		6819207B05CF4C4400DD9827 = {
			fileRef = 68191FC605CF4C4300DD9827;
			isa = PBXBuildFile;
			settings = {
			};
		};
		6819207C05CF4C4400DD9827 = {
			fileRef = 68191FC705CF4C4300DD9827;
			isa = PBXBuildFile;
			settings = {
			};
		};
		6819207D05CF4C4400DD9827 = {
			fileRef = 68191FC805CF4C4300DD9827;
			isa = PBXBuildFile;
			settings = {
			};
		};
		6819207E05CF4C4400DD9827 = {
			fileRef = 68191FC905CF4C4300DD9827;
			isa = PBXBuildFile;
			settings = {
			};
		};
		6819208005CF4C4400DD9827 = {
			fileRef = 68191FCB05CF4C4300DD9827;
			isa = PBXBuildFile;
			settings = {
			};
		};
		6819208105CF4C4400DD9827 = {
			fileRef = 68191FCC05CF4C4300DD9827;
			isa = PBXBuildFile;
			settings = {
			};
		};
		6819208205CF4C4400DD9827 = {
			fileRef = 68191FCD05CF4C4300DD9827;
			isa = PBXBuildFile;
			settings = {
			};
		};
		6819208305CF4C4400DD9827 = {
			fileRef = 68191FCE05CF4C4300DD9827;
			isa = PBXBuildFile;
			settings = {
			};
		};
		6819208405CF4C4400DD9827 = {
			fileRef = 68191FCF05CF4C4300DD9827;
			isa = PBXBuildFile;
			settings = {
			};
		};
		6819208505CF4C4400DD9827 = {
			fileRef = 68191FD005CF4C4300DD9827;
			isa = PBXBuildFile;
			settings = {
			};
		};
		6819208605CF4C4400DD9827 = {
			fileRef = 68191FD105CF4C4300DD9827;
			isa = PBXBuildFile;
			settings = {
			};
		};
		6819208905CF4C4400DD9827 = {
			fileRef = 68191FD405CF4C4300DD9827;
			isa = PBXBuildFile;
			settings = {
			};
		};
		6819208A05CF4C4400DD9827 = {
			fileRef = 68191FD505CF4C4300DD9827;
			isa = PBXBuildFile;
			settings = {
			};
		};
		6819208F05CF4C4400DD9827 = {
			fileRef = 68191FDA05CF4C4400DD9827;
			isa = PBXBuildFile;
			settings = {
			};
		};
		6819209305CF4C4400DD9827 = {
			fileRef = 68191FDE05CF4C4400DD9827;
			isa = PBXBuildFile;
			settings = {
			};
		};
		6819209405CF4C4400DD9827 = {
			fileRef = 68191FDF05CF4C4400DD9827;
			isa = PBXBuildFile;
			settings = {
			};
		};
		6819209505CF4C4400DD9827 = {
			fileRef = 68191FE005CF4C4400DD9827;
			isa = PBXBuildFile;
			settings = {
			};
		};
		6819209605CF4C4400DD9827 = {
			fileRef = 68191FE105CF4C4400DD9827;
			isa = PBXBuildFile;
			settings = {
			};
		};
		6819209705CF4C4400DD9827 = {
			fileRef = 68191FE205CF4C4400DD9827;
			isa = PBXBuildFile;
			settings = {
			};
		};
		6819209905CF4C4400DD9827 = {
			fileRef = 68191FE405CF4C4400DD9827;
			isa = PBXBuildFile;
			settings = {
			};
		};
		6819209A05CF4C4400DD9827 = {
			fileRef = 68191FE505CF4C4400DD9827;
			isa = PBXBuildFile;
			settings = {
			};
		};
		6819209C05CF4C4400DD9827 = {
			fileRef = 68191FE705CF4C4400DD9827;
			isa = PBXBuildFile;
			settings = {
			};
		};
		6819209D05CF4C4400DD9827 = {
			fileRef = 68191FE805CF4C4400DD9827;
			isa = PBXBuildFile;
			settings = {
			};
		};
		6819209E05CF4C4400DD9827 = {
			fileRef = 68191FE905CF4C4400DD9827;
			isa = PBXBuildFile;
			settings = {
			};
		};
		681920A205CF4C4400DD9827 = {
			fileRef = 68191FED05CF4C4400DD9827;
			isa = PBXBuildFile;
			settings = {
			};
		};
		681920A305CF4C4400DD9827 = {
			fileRef = 68191FEE05CF4C4400DD9827;
			isa = PBXBuildFile;
			settings = {
			};
		};
		681920A405CF4C4400DD9827 = {
			fileRef = 68191FEF05CF4C4400DD9827;
			isa = PBXBuildFile;
			settings = {
			};
		};
		681920A505CF4C4400DD9827 = {
			fileRef = 68191FF005CF4C4400DD9827;
			isa = PBXBuildFile;
			settings = {
			};
		};
		681920AB05CF4C4400DD9827 = {
			fileRef = 68191FF605CF4C4400DD9827;
			isa = PBXBuildFile;
			settings = {
			};
		};
		681920AD05CF4C4400DD9827 = {
			fileRef = 68191FF805CF4C4400DD9827;
			isa = PBXBuildFile;
			settings = {
			};
		};
		681920B105CF4C4400DD9827 = {
			fileRef = 68191FFC05CF4C4400DD9827;
			isa = PBXBuildFile;
			settings = {
			};
		};
		681920B405CF4C4400DD9827 = {
			fileRef = 68191FFF05CF4C4400DD9827;
			isa = PBXBuildFile;
			settings = {
			};
		};
		681920B505CF4C4400DD9827 = {
			fileRef = 6819200005CF4C4400DD9827;
			isa = PBXBuildFile;
			settings = {
			};
		};
		681920B705CF4C4400DD9827 = {
			fileRef = 6819200205CF4C4400DD9827;
			isa = PBXBuildFile;
			settings = {
			};
		};
		681920B905CF4C4400DD9827 = {
			fileRef = 6819200405CF4C4400DD9827;
			isa = PBXBuildFile;
			settings = {
			};
		};
		681920BA05CF4C4400DD9827 = {
			fileRef = 6819200505CF4C4400DD9827;
			isa = PBXBuildFile;
			settings = {
			};
		};
		681920BB05CF4C4400DD9827 = {
			fileRef = 6819200605CF4C4400DD9827;
			isa = PBXBuildFile;
			settings = {
			};
		};
		681920BC05CF4C4400DD9827 = {
			fileRef = 6819200705CF4C4400DD9827;
			isa = PBXBuildFile;
			settings = {
			};
		};
		681920BD05CF4C4400DD9827 = {
			fileRef = 6819200805CF4C4400DD9827;
			isa = PBXBuildFile;
			settings = {
			};
		};
		681920BE05CF4C4400DD9827 = {
			fileRef = 6819200905CF4C4400DD9827;
			isa = PBXBuildFile;
			settings = {
			};
		};
		681920BF05CF4C4400DD9827 = {
			fileRef = 6819200A05CF4C4400DD9827;
			isa = PBXBuildFile;
			settings = {
			};
		};
		681920C005CF4C4400DD9827 = {
			fileRef = 6819200B05CF4C4400DD9827;
			isa = PBXBuildFile;
			settings = {
			};
		};
		681920C105CF4C4400DD9827 = {
			fileRef = 6819200C05CF4C4400DD9827;
			isa = PBXBuildFile;
			settings = {
			};
		};
		681920C205CF4C4400DD9827 = {
			fileRef = 6819200D05CF4C4400DD9827;
			isa = PBXBuildFile;
			settings = {
			};
		};
		681920C305CF4C4400DD9827 = {
			fileRef = 6819200E05CF4C4400DD9827;
			isa = PBXBuildFile;
			settings = {
			};
		};
		681920C405CF4C4400DD9827 = {
			fileRef = 6819200F05CF4C4400DD9827;
			isa = PBXBuildFile;
			settings = {
			};
		};
		681920C505CF4C4400DD9827 = {
			fileRef = 6819201005CF4C4400DD9827;
			isa = PBXBuildFile;
			settings = {
			};
		};
		681920C605CF4C4400DD9827 = {
			fileRef = 6819201105CF4C4400DD9827;
			isa = PBXBuildFile;
			settings = {
			};
		};
		681920C705CF4C4400DD9827 = {
			fileRef = 6819201205CF4C4400DD9827;
			isa = PBXBuildFile;
			settings = {
			};
		};
		681920CA05CF4C4400DD9827 = {
			fileRef = 6819201505CF4C4400DD9827;
			isa = PBXBuildFile;
			settings = {
			};
		};
		681920D105CF4C4400DD9827 = {
			fileRef = 6819201C05CF4C4400DD9827;
			isa = PBXBuildFile;
			settings = {
			};
		};
		681920D205CF4C4400DD9827 = {
			fileRef = 6819201D05CF4C4400DD9827;
			isa = PBXBuildFile;
			settings = {
			};
		};
		681920D305CF4C4400DD9827 = {
			fileRef = 6819201E05CF4C4400DD9827;
			isa = PBXBuildFile;
			settings = {
			};
		};
		681920D405CF4C4400DD9827 = {
			fileRef = 6819201F05CF4C4400DD9827;
			isa = PBXBuildFile;
			settings = {
			};
		};
		681920D505CF4C4400DD9827 = {
			fileRef = 6819202005CF4C4400DD9827;
			isa = PBXBuildFile;
			settings = {
			};
		};
		681920D705CF4C4400DD9827 = {
			fileRef = 6819202205CF4C4400DD9827;
			isa = PBXBuildFile;
			settings = {
			};
		};
		681920D805CF4C4400DD9827 = {
			fileRef = 6819202305CF4C4400DD9827;
			isa = PBXBuildFile;
			settings = {
			};
		};
		681920D905CF4C4400DD9827 = {
			fileRef = 6819202405CF4C4400DD9827;
			isa = PBXBuildFile;
			settings = {
			};
		};
		681920DA05CF4C4400DD9827 = {
			fileRef = 6819202505CF4C4400DD9827;
			isa = PBXBuildFile;
			settings = {
			};
		};
		681920DB05CF4C4400DD9827 = {
			fileRef = 6819202605CF4C4400DD9827;
			isa = PBXBuildFile;
			settings = {
			};
		};
		681920DC05CF4C4400DD9827 = {
			fileRef = 6819202705CF4C4400DD9827;
			isa = PBXBuildFile;
			settings = {
			};
		};
		681920DD05CF4C4400DD9827 = {
			fileRef = 6819202805CF4C4400DD9827;
			isa = PBXBuildFile;
			settings = {
			};
		};
		681920DE05CF4C4400DD9827 = {
			fileRef = 6819202905CF4C4400DD9827;
			isa = PBXBuildFile;
			settings = {
			};
		};
		681920DF05CF4C4400DD9827 = {
			fileRef = 6819202A05CF4C4400DD9827;
			isa = PBXBuildFile;
			settings = {
			};
		};
		681920E105CF4C4400DD9827 = {
			fileRef = 6819202C05CF4C4400DD9827;
			isa = PBXBuildFile;
			settings = {
			};
		};
		681920E405CF4C4400DD9827 = {
			fileRef = 6819202F05CF4C4400DD9827;
			isa = PBXBuildFile;
			settings = {
			};
		};
		681920E905CF4C4400DD9827 = {
			fileRef = 6819203405CF4C4400DD9827;
			isa = PBXBuildFile;
			settings = {
			};
		};
		681920EC05CF4C4400DD9827 = {
			fileRef = 6819203705CF4C4400DD9827;
			isa = PBXBuildFile;
			settings = {
			};
		};
		681920F205CF4C4400DD9827 = {
			fileRef = 6819203D05CF4C4400DD9827;
			isa = PBXBuildFile;
			settings = {
			};
		};
		6819227305CF52D600DD9827 = {
			children = (
				681922AB05CF530200DD9827,
			);
			isa = PBXGroup;
			name = Tests;
			refType = 4;
			sourceTree = "<group>";
		};
		6819227705CF52F800DD9827 = {
			fileEncoding = 30;
			isa = PBXFileReference;
			lastKnownFileType = text;
			path = 1hvr.N.map;
			refType = 4;
			sourceTree = "<group>";
		};
		6819227805CF52F800DD9827 = {
			fileEncoding = 30;
			isa = PBXFileReference;
			lastKnownFileType = text;
			path = 1hvr.maps.fld;
			refType = 4;
			sourceTree = "<group>";
		};
		6819227B05CF52F800DD9827 = {
			fileEncoding = 30;
			isa = PBXFileReference;
			lastKnownFileType = text;
			path = xk2A.1hvr.GA.dpf;
			refType = 4;
			sourceTree = "<group>";
		};
		6819227C05CF52F800DD9827 = {
			fileEncoding = 30;
			isa = PBXFileReference;
			lastKnownFileType = text;
			path = 1hvr.O.map;
			refType = 4;
			sourceTree = "<group>";
		};
		6819227D05CF52F800DD9827 = {
			fileEncoding = 30;
			isa = PBXFileReference;
			lastKnownFileType = text;
			path = xk2A.pdbq;
			refType = 4;
			sourceTree = "<group>";
		};
		6819227E05CF52F800DD9827 = {
			fileEncoding = 30;
			isa = PBXFileReference;
			lastKnownFileType = text;
			path = xk2A.1hvr.SA.dpf;
			refType = 4;
			sourceTree = "<group>";
		};
		6819228005CF52F800DD9827 = {
			fileEncoding = 30;
			isa = PBXFileReference;
			lastKnownFileType = text;
			path = 1hvr.pdbqs;
			refType = 4;
			sourceTree = "<group>";
		};
		6819228105CF52F800DD9827 = {
			fileEncoding = 30;
			isa = PBXFileReference;
			lastKnownFileType = text;
			path = xk2A.1hvr.GASW.dpf;
			refType = 4;
			sourceTree = "<group>";
		};
		6819228205CF52F800DD9827 = {
			fileEncoding = 30;
			isa = PBXFileReference;
			lastKnownFileType = text;
			path = 1hvr.H.map;
			refType = 4;
			sourceTree = "<group>";
		};
		6819228305CF52F800DD9827 = {
			fileEncoding = 30;
			isa = PBXFileReference;
			lastKnownFileType = text;
			path = 1hvr.maps.xyz;
			refType = 4;
			sourceTree = "<group>";
		};
		6819228405CF52F900DD9827 = {
			fileEncoding = 30;
			isa = PBXFileReference;
			lastKnownFileType = text;
			path = 1hvr.e.map;
			refType = 4;
			sourceTree = "<group>";
		};
		6819228505CF52F900DD9827 = {
			fileEncoding = 30;
			isa = PBXFileReference;
			lastKnownFileType = text;
			path = 1hvr.C.map;
			refType = 4;
			sourceTree = "<group>";
		};
		6819228605CF52F900DD9827 = {
			fileEncoding = 30;
			isa = PBXFileReference;
			lastKnownFileType = text;
			path = 1hvr.A.map;
			refType = 4;
			sourceTree = "<group>";
		};
		6819228705CF52F900DD9827 = {
			fileRef = 6819227705CF52F800DD9827;
			isa = PBXBuildFile;
			settings = {
			};
		};
		6819228805CF52F900DD9827 = {
			fileRef = 6819227805CF52F800DD9827;
			isa = PBXBuildFile;
			settings = {
			};
		};
		6819228B05CF52F900DD9827 = {
			fileRef = 6819227B05CF52F800DD9827;
			isa = PBXBuildFile;
			settings = {
			};
		};
		6819228C05CF52F900DD9827 = {
			fileRef = 6819227C05CF52F800DD9827;
			isa = PBXBuildFile;
			settings = {
			};
		};
		6819228D05CF52F900DD9827 = {
			fileRef = 6819227D05CF52F800DD9827;
			isa = PBXBuildFile;
			settings = {
			};
		};
		6819228E05CF52F900DD9827 = {
			fileRef = 6819227E05CF52F800DD9827;
			isa = PBXBuildFile;
			settings = {
			};
		};
		6819229005CF52F900DD9827 = {
			fileRef = 6819228005CF52F800DD9827;
			isa = PBXBuildFile;
			settings = {
			};
		};
		6819229105CF52F900DD9827 = {
			fileRef = 6819228105CF52F800DD9827;
			isa = PBXBuildFile;
			settings = {
			};
		};
		6819229205CF52F900DD9827 = {
			fileRef = 6819228205CF52F800DD9827;
			isa = PBXBuildFile;
			settings = {
			};
		};
		6819229305CF52F900DD9827 = {
			fileRef = 6819228305CF52F800DD9827;
			isa = PBXBuildFile;
			settings = {
			};
		};
		6819229405CF52F900DD9827 = {
			fileRef = 6819228405CF52F900DD9827;
			isa = PBXBuildFile;
			settings = {
			};
		};
		6819229505CF52F900DD9827 = {
			fileRef = 6819228505CF52F900DD9827;
			isa = PBXBuildFile;
			settings = {
			};
		};
		6819229605CF52F900DD9827 = {
			fileRef = 6819228605CF52F900DD9827;
			isa = PBXBuildFile;
			settings = {
			};
		};
		681922AB05CF530200DD9827 = {
			children = (
				6819227B05CF52F800DD9827,
				6819228105CF52F800DD9827,
				6819227E05CF52F800DD9827,
				6819227805CF52F800DD9827,
				6819228605CF52F900DD9827,
				6819228505CF52F900DD9827,
				6819228405CF52F900DD9827,
				6819228205CF52F800DD9827,
				6819227705CF52F800DD9827,
				6819227C05CF52F800DD9827,
				6819227D05CF52F800DD9827,
				6819228005CF52F800DD9827,
				6819228305CF52F800DD9827,
			);
			isa = PBXGroup;
			name = 1hvr;
			refType = 4;
			sourceTree = "<group>";
		};
		6819257F05CF7DB400DD9827 = {
			children = (
				68191FDE05CF4C4400DD9827,
				6819200005CF4C4400DD9827,
				6819200405CF4C4400DD9827,
				6819203405CF4C4400DD9827,
				6819203705CF4C4400DD9827,
				68191FD105CF4C4300DD9827,
				68191FDA05CF4C4400DD9827,
				6819203D05CF4C4400DD9827,
				68191FF805CF4C4400DD9827,
				68191FE205CF4C4400DD9827,
				68191FFF05CF4C4400DD9827,
				68191FF605CF4C4400DD9827,
				6819202F05CF4C4400DD9827,
				68191FC905CF4C4300DD9827,
				6819200F05CF4C4400DD9827,
				68191FE705CF4C4400DD9827,
				68191FDF05CF4C4400DD9827,
				68191FE105CF4C4400DD9827,
				68191FEF05CF4C4400DD9827,
				68191FE805CF4C4400DD9827,
				68191FE005CF4C4400DD9827,
				6819202C05CF4C4400DD9827,
				68191FEE05CF4C4400DD9827,
				68191FED05CF4C4400DD9827,
				68191FE405CF4C4400DD9827,
				68191FFC05CF4C4400DD9827,
				68191FE905CF4C4400DD9827,
				68191FE505CF4C4400DD9827,
				68191FF005CF4C4400DD9827,
				6819200205CF4C4400DD9827,
				68191FD505CF4C4300DD9827,
				68191FD405CF4C4300DD9827,
				68191FCE05CF4C4300DD9827,
				68191FCD05CF4C4300DD9827,
				68191FCC05CF4C4300DD9827,
				68191FCB05CF4C4300DD9827,
				68191FD005CF4C4300DD9827,
				68191FCF05CF4C4300DD9827,
				6819201505CF4C4400DD9827,
				6819201205CF4C4400DD9827,
				6819201105CF4C4400DD9827,
				6819201005CF4C4400DD9827,
				6819202005CF4C4400DD9827,
				6819201F05CF4C4400DD9827,
				6819200B05CF4C4400DD9827,
				6819200A05CF4C4400DD9827,
				6819200905CF4C4400DD9827,
				6819200805CF4C4400DD9827,
				6819200705CF4C4400DD9827,
				6819200605CF4C4400DD9827,
				6819200505CF4C4400DD9827,
				6819200E05CF4C4400DD9827,
				6819200D05CF4C4400DD9827,
				6819200C05CF4C4400DD9827,
				6819202A05CF4C4400DD9827,
				6819202905CF4C4400DD9827,
				6819202805CF4C4400DD9827,
				6819202705CF4C4400DD9827,
				6819202605CF4C4400DD9827,
				6819202505CF4C4400DD9827,
				6819202405CF4C4400DD9827,
				6819202305CF4C4400DD9827,
				6819202205CF4C4400DD9827,
				6819201E05CF4C4400DD9827,
				6819201D05CF4C4400DD9827,
				6819201C05CF4C4400DD9827,
				68191FC805CF4C4300DD9827,
				68191FC705CF4C4300DD9827,
				68191FC605CF4C4300DD9827,
				68191FC505CF4C4300DD9827,
				68191FC405CF4C4300DD9827,
				68191FC305CF4C4300DD9827,
				68191FC205CF4C4300DD9827,
				68191FC105CF4C4300DD9827,
				68191FC005CF4C4300DD9827,
				68191FBF05CF4C4300DD9827,
				68191FBE05CF4C4300DD9827,
				68191FBD05CF4C4300DD9827,
				68191FBC05CF4C4300DD9827,
				68191FBB05CF4C4300DD9827,
				68191FBA05CF4C4300DD9827,
				68191FB905CF4C4300DD9827,
				68191FB805CF4C4300DD9827,
				68191FB705CF4C4300DD9827,
				68191FB605CF4C4300DD9827,
				68191FB505CF4C4300DD9827,
				68191FB405CF4C4300DD9827,
				68191FB305CF4C4300DD9827,
				68191FB205CF4C4300DD9827,
				68191FB105CF4C4300DD9827,
				68191FB005CF4C4300DD9827,
				68191FAF05CF4C4300DD9827,
				68191FAE05CF4C4300DD9827,
				68191FAD05CF4C4300DD9827,
			);
			isa = PBXGroup;
			name = Headers;
			refType = 4;
			sourceTree = "<group>";
		};
		68B9D6BA05D9DBBA0035CB4A = {
			explicitFileType = sourcecode.cpp;
			fileEncoding = 30;
			isa = PBXFileReference;
			path = writePDBQState.cc;
			refType = 4;
			sourceTree = "<group>";
		};
		68B9D6BB05D9DBBA0035CB4A = {
			fileRef = 68B9D6BA05D9DBBA0035CB4A;
			isa = PBXBuildFile;
			settings = {
				COMPILER_FLAGS = "-DWRITEPDBQSTATE";
			};
		};
		68B9D6E905DAECC40035CB4A = {
			fileRef = 68026BE405D9918C00B0C9AC;
			isa = PBXBuildFile;
			settings = {
			};
		};
//680
//681
//682
//683
//684
//8D0
//8D1
//8D2
//8D3
//8D4
		8DD76F620486A84900D96B5E = {
			buildPhases = (
				8DD76F630486A84900D96B5E,
				8DD76F640486A84900D96B5E,
				8DD76F660486A84900D96B5E,
				8DD76F680486A84900D96B5E,
				8DD76F690486A84900D96B5E,
			);
			buildRules = (
			);
			buildSettings = {
				FRAMEWORK_SEARCH_PATHS = "";
				GCC_ENABLE_TRIGRAPHS = NO;
				GCC_GENERATE_DEBUGGING_SYMBOLS = YES;
				GCC_GENERATE_PROFILING_CODE = NO;
				GCC_OPTIMIZATION_LEVEL = 3;
				GCC_PRECOMPILE_PREFIX_HEADER = NO;
				GCC_WARN_ABOUT_MISSING_PROTOTYPES = NO;
				GCC_WARN_ALLOW_INCOMPLETE_PROTOCOL = NO;
				GCC_WARN_FOUR_CHARACTER_CONSTANTS = NO;
				GCC_WARN_TYPECHECK_CALLS_TO_PRINTF = YES;
				GCC_WARN_UNKNOWN_PRAGMAS = NO;
				HEADER_SEARCH_PATHS = "";
				INSTALL_PATH = "$(HOME)/bin";
				LIBRARY_SEARCH_PATHS = "";
				LIBRARY_STYLE = STATIC;
				OTHER_CPLUSPLUSFLAGS = "-DNDEBUG ";
				OTHER_LDFLAGS = "";
				PRODUCT_NAME = AutoDock;
				WARNING_CFLAGS = "-Wmost -Wno-four-char-constants -Wno-unknown-pragmas";
				ZERO_LINK = NO;
			};
			dependencies = (
			);
			isa = PBXNativeTarget;
			name = AutoDock;
			productInstallPath = "$(HOME)/bin";
			productName = AutoDock;
			productReference = 8DD76F6C0486A84900D96B5E;
			productType = "com.apple.product-type.tool";
		};
		8DD76F630486A84900D96B5E = {
			buildActionMask = 2147483647;
			files = (
				6819206205CF4C4400DD9827,
				6819206305CF4C4400DD9827,
				6819206405CF4C4400DD9827,
				6819206505CF4C4400DD9827,
				6819206605CF4C4400DD9827,
				6819206705CF4C4400DD9827,
				6819206805CF4C4400DD9827,
				6819206905CF4C4400DD9827,
				6819206A05CF4C4400DD9827,
				6819206B05CF4C4400DD9827,
				6819206C05CF4C4400DD9827,
				6819206D05CF4C4400DD9827,
				6819206E05CF4C4400DD9827,
				6819206F05CF4C4400DD9827,
				6819207005CF4C4400DD9827,
				6819207105CF4C4400DD9827,
				6819207205CF4C4400DD9827,
				6819207305CF4C4400DD9827,
				6819207405CF4C4400DD9827,
				6819207505CF4C4400DD9827,
				6819207605CF4C4400DD9827,
				6819207705CF4C4400DD9827,
				6819207805CF4C4400DD9827,
				6819207905CF4C4400DD9827,
				6819207A05CF4C4400DD9827,
				6819207B05CF4C4400DD9827,
				6819207C05CF4C4400DD9827,
				6819207D05CF4C4400DD9827,
				6819207E05CF4C4400DD9827,
				6819208005CF4C4400DD9827,
				6819208105CF4C4400DD9827,
				6819208205CF4C4400DD9827,
				6819208305CF4C4400DD9827,
				6819208405CF4C4400DD9827,
				6819208505CF4C4400DD9827,
				6819208605CF4C4400DD9827,
				6819208905CF4C4400DD9827,
				6819208A05CF4C4400DD9827,
				6819208F05CF4C4400DD9827,
				6819209305CF4C4400DD9827,
				6819209405CF4C4400DD9827,
				6819209505CF4C4400DD9827,
				6819209605CF4C4400DD9827,
				6819209705CF4C4400DD9827,
				6819209905CF4C4400DD9827,
				6819209A05CF4C4400DD9827,
				6819209C05CF4C4400DD9827,
				6819209D05CF4C4400DD9827,
				6819209E05CF4C4400DD9827,
				681920A205CF4C4400DD9827,
				681920A405CF4C4400DD9827,
				681920A305CF4C4400DD9827,
				681920A505CF4C4400DD9827,
				681920AB05CF4C4400DD9827,
				681920AD05CF4C4400DD9827,
				681920B105CF4C4400DD9827,
				681920B405CF4C4400DD9827,
				681920B505CF4C4400DD9827,
				681920B705CF4C4400DD9827,
				681920B905CF4C4400DD9827,
				681920BA05CF4C4400DD9827,
				681920BB05CF4C4400DD9827,
				681920BC05CF4C4400DD9827,
				681920BD05CF4C4400DD9827,
				681920BE05CF4C4400DD9827,
				681920BF05CF4C4400DD9827,
				681920C005CF4C4400DD9827,
				681920C105CF4C4400DD9827,
				681920C205CF4C4400DD9827,
				681920C305CF4C4400DD9827,
				681920C405CF4C4400DD9827,
				681920C505CF4C4400DD9827,
				681920C605CF4C4400DD9827,
				681920C705CF4C4400DD9827,
				681920CA05CF4C4400DD9827,
				681920D105CF4C4400DD9827,
				681920D205CF4C4400DD9827,
				681920D305CF4C4400DD9827,
				681920D405CF4C4400DD9827,
				681920D505CF4C4400DD9827,
				681920D705CF4C4400DD9827,
				681920D805CF4C4400DD9827,
				681920D905CF4C4400DD9827,
				681920DA05CF4C4400DD9827,
				681920DB05CF4C4400DD9827,
				681920DC05CF4C4400DD9827,
				681920DD05CF4C4400DD9827,
				681920DE05CF4C4400DD9827,
				681920DF05CF4C4400DD9827,
				681920E105CF4C4400DD9827,
				681920E405CF4C4400DD9827,
				681920E905CF4C4400DD9827,
				681920EC05CF4C4400DD9827,
				681920F205CF4C4400DD9827,
			);
			isa = PBXHeadersBuildPhase;
			runOnlyForDeploymentPostprocessing = 0;
		};
		8DD76F640486A84900D96B5E = {
			buildActionMask = 2147483647;
			files = (
				68026C2305D9918C00B0C9AC,
				68026C2505D9918C00B0C9AC,
				68026C2605D9918C00B0C9AC,
				68026C2705D9918C00B0C9AC,
				68026C2805D9918C00B0C9AC,
				68026C2905D9918C00B0C9AC,
				68026C2A05D9918C00B0C9AC,
				68026C2B05D9918C00B0C9AC,
				68026C2C05D9918C00B0C9AC,
				68026C2D05D9918C00B0C9AC,
				68026C2E05D9918C00B0C9AC,
				68026C2F05D9918C00B0C9AC,
				68026C3005D9918C00B0C9AC,
				68026C3105D9918C00B0C9AC,
				68026C3205D9918C00B0C9AC,
				68026C3305D9918C00B0C9AC,
				68026C3405D9918C00B0C9AC,
				68026C3505D9918C00B0C9AC,
				68026C3605D9918C00B0C9AC,
				68026C3705D9918C00B0C9AC,
				68026C3805D9918C00B0C9AC,
				68026C3905D9918C00B0C9AC,
				68026C3A05D9918C00B0C9AC,
				68026C3B05D9918C00B0C9AC,
				68026C3D05D9918C00B0C9AC,
				68026C3E05D9918C00B0C9AC,
				68026C3F05D9918C00B0C9AC,
				68026C4005D9918C00B0C9AC,
				68026C4105D9918C00B0C9AC,
				68026C4205D9918C00B0C9AC,
				68026C4305D9918C00B0C9AC,
				68026C4405D9918C00B0C9AC,
				68026C4505D9918C00B0C9AC,
				68026C4605D9918C00B0C9AC,
				68026C4705D9918C00B0C9AC,
				68026C4805D9918C00B0C9AC,
				68026C4905D9918C00B0C9AC,
				68026C4A05D9918C00B0C9AC,
				68026C4B05D9918C00B0C9AC,
				68026C4C05D9918C00B0C9AC,
				68026C4D05D9918C00B0C9AC,
				68026C4E05D9918C00B0C9AC,
				68026C4F05D9918C00B0C9AC,
				68026C5005D9918C00B0C9AC,
				68026C5105D9918C00B0C9AC,
				68026C5205D9918C00B0C9AC,
				68026C5305D9918C00B0C9AC,
				68026C5405D9918C00B0C9AC,
				68026C5505D9918C00B0C9AC,
				68026C5605D9918C00B0C9AC,
				68026C5705D9918C00B0C9AC,
				68026C5805D9918C00B0C9AC,
				68026C5905D9918C00B0C9AC,
				68026C5A05D9918C00B0C9AC,
				68026C5C05D9918C00B0C9AC,
				68026C5D05D9918C00B0C9AC,
				68026C5E05D9918C00B0C9AC,
				68026C5F05D9918C00B0C9AC,
				68026C6005D9918C00B0C9AC,
				68026C6105D9918C00B0C9AC,
				68026C6205D9918C00B0C9AC,
				68026C6305D9918C00B0C9AC,
				68026C6405D9918C00B0C9AC,
				68026C6505D9918C00B0C9AC,
				68026C6605D9918C00B0C9AC,
				68026C6705D9918C00B0C9AC,
				68026C6805D9918C00B0C9AC,
				68026C6905D9918C00B0C9AC,
				68026C6A05D9918C00B0C9AC,
				68026C6B05D9918C00B0C9AC,
				68026C6C05D9918C00B0C9AC,
				68026C6D05D9918C00B0C9AC,
				68026C6E05D9918C00B0C9AC,
				68026C6F05D9918C00B0C9AC,
				68026C7005D9918C00B0C9AC,
				68026C7105D9918C00B0C9AC,
				68026C7205D9918C00B0C9AC,
				68026C7305D9918C00B0C9AC,
				68026C7405D9918C00B0C9AC,
				68026C7505D9918C00B0C9AC,
				68026C7605D9918C00B0C9AC,
				68026C7705D9918C00B0C9AC,
				68026C7805D9918C00B0C9AC,
				68026C7905D9918C00B0C9AC,
				68026C7A05D9918C00B0C9AC,
				68026E1905D9D40500B0C9AC,
				68B9D6BB05D9DBBA0035CB4A,
				68B9D6E905DAECC40035CB4A,
			);
			isa = PBXSourcesBuildPhase;
			runOnlyForDeploymentPostprocessing = 0;
		};
		8DD76F660486A84900D96B5E = {
			buildActionMask = 2147483647;
			files = (
				68026B1B05D8B84000B0C9AC,
			);
			isa = PBXFrameworksBuildPhase;
			runOnlyForDeploymentPostprocessing = 0;
		};
		8DD76F680486A84900D96B5E = {
			buildActionMask = 2147483647;
			files = (
			);
			isa = PBXRezBuildPhase;
			runOnlyForDeploymentPostprocessing = 0;
		};
		8DD76F690486A84900D96B5E = {
			buildActionMask = 8;
			dstPath = /usr/share/man/man1/;
			dstSubfolderSpec = 0;
			files = (
				8DD76F6A0486A84900D96B5E,
				6819228705CF52F900DD9827,
				6819228805CF52F900DD9827,
				6819228B05CF52F900DD9827,
				6819228C05CF52F900DD9827,
				6819228D05CF52F900DD9827,
				6819228E05CF52F900DD9827,
				6819229005CF52F900DD9827,
				6819229105CF52F900DD9827,
				6819229205CF52F900DD9827,
				6819229305CF52F900DD9827,
				6819229405CF52F900DD9827,
				6819229505CF52F900DD9827,
				6819229605CF52F900DD9827,
			);
			isa = PBXCopyFilesBuildPhase;
			runOnlyForDeploymentPostprocessing = 1;
		};
		8DD76F6A0486A84900D96B5E = {
			fileRef = C6859E8B029090EE04C91782;
			isa = PBXBuildFile;
			settings = {
			};
		};
		8DD76F6C0486A84900D96B5E = {
			explicitFileType = "compiled.mach-o.executable";
			includeInIndex = 0;
			isa = PBXFileReference;
			path = AutoDock;
			refType = 3;
			sourceTree = BUILT_PRODUCTS_DIR;
		};
//8D0
//8D1
//8D2
//8D3
//8D4
//C60
//C61
//C62
//C63
//C64
		C6859E8B029090EE04C91782 = {
			isa = PBXFileReference;
			lastKnownFileType = text.man;
			path = AutoDock.1;
			refType = 4;
			sourceTree = "<group>";
		};
		C6859E8C029090F304C91782 = {
			children = (
				C6859E8B029090EE04C91782,
			);
			isa = PBXGroup;
			name = Documentation;
			refType = 4;
			sourceTree = "<group>";
		};
	};
	rootObject = 08FB7793FE84155DC02AAC07;
}
